// !$*UTF8*$!
{
	archiveVersion = 1;
	classes = {
	};
	objectVersion = 46;
	objects = {
/* Begin PBXBuildFile section */
		01049DC3141E4FF38337FC6E /* GCDWebServerStreamedResponse.m in Sources */ = {isa = PBXBuildFile; fileRef = 3787B260B7E04170988CF348 /* GCDWebServerStreamedResponse.m */; };
		0207DA581B56EA530066E2B4 /* Images.xcassets in Resources */ = {isa = PBXBuildFile; fileRef = 0207DA571B56EA530066E2B4 /* Images.xcassets */; };
		04DEEFA288F14D809785D5D5 /* GCDWebServerConnection.m in Sources */ = {isa = PBXBuildFile; fileRef = 69AAEB5AC36047289053BD04 /* GCDWebServerConnection.m */; };
		0CE63DAE346D4CF6B957447F /* CDVWKProcessPoolFactory.m in Sources */ = {isa = PBXBuildFile; fileRef = 47E4472F27524640B80EE6A4 /* CDVWKProcessPoolFactory.m */; };
		0FB99D7B1A02482A817DC6B4 /* GCDWebServerDataRequest.m in Sources */ = {isa = PBXBuildFile; fileRef = 6B0306FB09514507A27677D2 /* GCDWebServerDataRequest.m */; };
		1108A2A854A14279AB4E3459 /* GCDWebServerResponse.m in Sources */ = {isa = PBXBuildFile; fileRef = 1080EAD3ECA14817870A7011 /* GCDWebServerResponse.m */; };
		1D3623260D0F684500981E51 /* AppDelegate.m in Sources */ = {isa = PBXBuildFile; fileRef = 1D3623250D0F684500981E51 /* AppDelegate.m */; };
		1D60589B0D05DD56006BFB54 /* main.m in Sources */ = {isa = PBXBuildFile; fileRef = 29B97316FDCFA39411CA2CEA /* main.m */; };
		2C617236DC344A3ABCAF49C7 /* AFHTTPSessionManager.m in Sources */ = {isa = PBXBuildFile; fileRef = 37D14A2AD9374B3291ACEF17 /* AFHTTPSessionManager.m */; };
		301BF552109A68D80062928A /* libCordova.a in Frameworks */ = {isa = PBXBuildFile; fileRef = 301BF535109A57CC0062928A /* libCordova.a */; };
		302D95F114D2391D003F00A1 /* MainViewController.m in Sources */ = {isa = PBXBuildFile; fileRef = 302D95EF14D2391D003F00A1 /* MainViewController.m */; };
		302D95F214D2391D003F00A1 /* MainViewController.xib in Resources */ = {isa = PBXBuildFile; fileRef = 302D95F014D2391D003F00A1 /* MainViewController.xib */; };
		308E4038534D4CB9A0854864 /* CordovaHttpPlugin.m in Sources */ = {isa = PBXBuildFile; fileRef = 88EAE8E4E2CA4D138CC59173 /* CordovaHttpPlugin.m */; };
		49960B11363E4207A8911D50 /* GCDWebServerFileRequest.m in Sources */ = {isa = PBXBuildFile; fileRef = 80DF74D7A2AC4EDC8F183831 /* GCDWebServerFileRequest.m */; };
		4CEA945798284B8A8428688C /* CDVSplashScreen.m in Sources */ = {isa = PBXBuildFile; fileRef = CD55DA30258E4BDDA7DF38DF /* CDVSplashScreen.m */; };
		52F1041434AB485E8EB0B3FF /* SystemConfiguration.framework in Frameworks */ = {isa = PBXBuildFile; fileRef = 02FBA490E3804F779D7671F0 /* SystemConfiguration.framework */; };
		546F17F1C8EE4E9ABE303701 /* AFNetworkReachabilityManager.m in Sources */ = {isa = PBXBuildFile; fileRef = 0FF2BB13A14344BAA5855613 /* AFNetworkReachabilityManager.m */; };
		548C66CE809D4F5BB957B4F7 /* CDVFile.m in Sources */ = {isa = PBXBuildFile; fileRef = 5A27A2277696475085EEB753 /* CDVFile.m */; };
		5F3CCD0792934FCDB6D20768 /* GCDWebServerFileResponse.m in Sources */ = {isa = PBXBuildFile; fileRef = D08196A07E33422899420583 /* GCDWebServerFileResponse.m */; };
		64CD09DF7E594F60B7EAF3AE /* CDVStatusBar.m in Sources */ = {isa = PBXBuildFile; fileRef = 87432C84C39A472683D61906 /* CDVStatusBar.m */; };
		6AFF5BF91D6E424B00AB3073 /* CDVLaunchScreen.storyboard in Resources */ = {isa = PBXBuildFile; fileRef = 6AFF5BF81D6E424B00AB3073 /* CDVLaunchScreen.storyboard */; };
		70D41A1F8D904B6DBE6E0321 /* libz.tbd in Frameworks */ = {isa = PBXBuildFile; fileRef = 20D637A777094B2FAF49EF2E /* libz.tbd */; };
		70DD70A630C24E9383CD721E /* AFURLSessionManager.m in Sources */ = {isa = PBXBuildFile; fileRef = 55768770FC6144098E537CF4 /* AFURLSessionManager.m */; };
		74E53F674D2B4161862374E7 /* GCDWebServerURLEncodedFormRequest.m in Sources */ = {isa = PBXBuildFile; fileRef = 96FC65D4EA1847819A4A1D22 /* GCDWebServerURLEncodedFormRequest.m */; };
		7BFA3EBA92C64861ACB6396B /* AFURLRequestSerialization.m in Sources */ = {isa = PBXBuildFile; fileRef = 2A7FAEBEEAA44055BCBA3F51 /* AFURLRequestSerialization.m */; };
		828CE4EA75914151A879207A /* CDVAssetLibraryFilesystem.m in Sources */ = {isa = PBXBuildFile; fileRef = E005EADF089C4A628F156A6F /* CDVAssetLibraryFilesystem.m */; };
		84CF110586A34F75A5E1BC4E /* GCDWebServerErrorResponse.m in Sources */ = {isa = PBXBuildFile; fileRef = C92779C93156490A95815914 /* GCDWebServerErrorResponse.m */; };
		880D6689F83A4FA39FAE3FB5 /* Security.framework in Frameworks */ = {isa = PBXBuildFile; fileRef = B1D6BE58CEA94FD18DE1FDB1 /* Security.framework */; };
		97B0C04795FF4E50934ED454 /* TextResponseSerializer.m in Sources */ = {isa = PBXBuildFile; fileRef = F7754E0550F24C718C84CF06 /* TextResponseSerializer.m */; };
		98EE5D722E9C4E2F8BF6645D /* GCDWebServerMultiPartFormRequest.m in Sources */ = {isa = PBXBuildFile; fileRef = A343AEED848444E8B1B58C8E /* GCDWebServerMultiPartFormRequest.m */; };
		9D55B7296F694ADA9E8393CC /* CDVViewController+SplashScreen.m in Sources */ = {isa = PBXBuildFile; fileRef = 884470820ADF4217BA4B3D8B /* CDVViewController+SplashScreen.m */; };
		9F795665CB9F4BB59972880F /* CDVWKWebViewUIDelegate.m in Sources */ = {isa = PBXBuildFile; fileRef = 47EF5252C1EB4BE491FAAD14 /* CDVWKWebViewUIDelegate.m */; };
		A456E27B39D441AA8778CF19 /* CDVDevice.m in Sources */ = {isa = PBXBuildFile; fileRef = D69F564BA7D34543BCE2D669 /* CDVDevice.m */; };
		A6C83CCD89694463AE4FC654 /* IonicKeyboard.m in Sources */ = {isa = PBXBuildFile; fileRef = 9442A089487D4219A627E87B /* IonicKeyboard.m */; };
		AC9CBD50C830420388EC43FF /* GCDWebServerFunctions.m in Sources */ = {isa = PBXBuildFile; fileRef = E862F3E98D0B4FE6AF699E7D /* GCDWebServerFunctions.m */; };
		B89096ECE7034EAD826B9431 /* CDVWKWebViewEngine.m in Sources */ = {isa = PBXBuildFile; fileRef = 786CD1B33B3B413DBDA3E2F9 /* CDVWKWebViewEngine.m */; };
		BA84EFFEDC734F14B3942C35 /* AFURLResponseSerialization.m in Sources */ = {isa = PBXBuildFile; fileRef = 851695026B504FF4A86FCEFD /* AFURLResponseSerialization.m */; };
		C26C69DCD62D4FFFBC6C85E0 /* CDVLocalFilesystem.m in Sources */ = {isa = PBXBuildFile; fileRef = 1953AECACB4A4671BE9CA337 /* CDVLocalFilesystem.m */; };
		D7A126630F044CEEAFEB5676 /* WebKit.framework in Frameworks */ = {isa = PBXBuildFile; fileRef = FED1CF9C1D364290B1266068 /* WebKit.framework */; settings = {ATTRIBUTES = (Weak, ); }; };
		DF8B8DF213174D848569CE9D /* GCDWebServerRequest.m in Sources */ = {isa = PBXBuildFile; fileRef = E1E555C4BBC14409BE1775AE /* GCDWebServerRequest.m */; };
		EC506D1CCE144BDEB1261F71 /* QRScanner.swift in Sources */ = {isa = PBXBuildFile; fileRef = FCEB09730A344AA4AFB275AD /* QRScanner.swift */; };
		EDA57E5628BA404BADCBDB7F /* AFSecurityPolicy.m in Sources */ = {isa = PBXBuildFile; fileRef = A58D7647C02C44CE9B37823F /* AFSecurityPolicy.m */; };
		F2236DA7CC7C40878582498C /* GCDWebServerDataResponse.m in Sources */ = {isa = PBXBuildFile; fileRef = 083B0A4E48F54F81A1264506 /* GCDWebServerDataResponse.m */; };
		FA37BA3B4B1D48618092B89E /* GCDWebServer.m in Sources */ = {isa = PBXBuildFile; fileRef = 23D4C1BC08B041BC92C0C0E4 /* GCDWebServer.m */; };
		EE1123E9295E462DB6A8C861 /* CDVLocation.m in Sources */ = {isa = PBXBuildFile; fileRef = 952CCC58E3AD48998206A599 /* CDVLocation.m */; };
		2CFA57DD993B43A7A6BEED3C /* CoreLocation.framework in Frameworks */ = {isa = PBXBuildFile; fileRef = BC4587D6671B4A9D9D3C4758 /* CoreLocation.framework */; };
		F30BC806DC514186BC8CBC18 /* GoogleMaps.bundle in Resources */ = {isa = PBXBuildFile; fileRef = 24F01BB4E78A427193BAECC4 /* GoogleMaps.bundle */; };
		27FC2A1A52C44FC9A5BE006D /* Accelerate.framework in Frameworks */ = {isa = PBXBuildFile; fileRef = 2C679212F4634A369B9B1575 /* Accelerate.framework */; };
		E5C5CC475DF74ECD96649867 /* CoreData.framework in Frameworks */ = {isa = PBXBuildFile; fileRef = 7E4766B688D142D285271480 /* CoreData.framework */; };
		8B2875756CC54480A3DC9305 /* CoreTelephony.framework in Frameworks */ = {isa = PBXBuildFile; fileRef = 1941F8DE6D5541DA9F468C5C /* CoreTelephony.framework */; };
		16F113F6BC874D3191187212 /* CoreText.framework in Frameworks */ = {isa = PBXBuildFile; fileRef = 0DD82688006A49B2BA5E4EAD /* CoreText.framework */; };
		7213AE6E4C704ADB94FDCFBA /* GLKit.framework in Frameworks */ = {isa = PBXBuildFile; fileRef = E9337E2A91B14A688869F2F2 /* GLKit.framework */; };
		1E28963EF48342E5A7A1E7CA /* ImageIO.framework in Frameworks */ = {isa = PBXBuildFile; fileRef = 636027B82C4340149AAD1546 /* ImageIO.framework */; };
		DC56A6BEDC8D45AEA9F9E8D0 /* libc++.tbd in Frameworks */ = {isa = PBXBuildFile; fileRef = A1306368EA244AACB791F01A /* libc++.tbd */; };
		E6B9CBDAD85641F6A08D0964 /* OpenGLES.framework in Frameworks */ = {isa = PBXBuildFile; fileRef = 321C8DEC05CB479982727BFF /* OpenGLES.framework */; };
		3B0565372D844F688A5F96EB /* QuartzCore.framework in Frameworks */ = {isa = PBXBuildFile; fileRef = 2D02F28FC6884669B215F013 /* QuartzCore.framework */; };
		8F7399A4D81A410580A3BAE4 /* UIKit.framework in Frameworks */ = {isa = PBXBuildFile; fileRef = 557DC9A1724D4AB0BA6A95EC /* UIKit.framework */; };
		4A1749B549D3422D9F45EA65 /* GoogleMapsBase.framework in Frameworks */ = {isa = PBXBuildFile; fileRef = 3F2FA59C1AAB4844AAD3D51F /* GoogleMapsBase.framework */; };
		B6EC6B9F22D94E39B5CCE2E7 /* GoogleMaps.framework in Frameworks */ = {isa = PBXBuildFile; fileRef = D5A8921617A742AFA4D6144A /* GoogleMaps.framework */; };
		8B435D585A394F7CA38C2E7B /* GoogleMapsCore.framework in Frameworks */ = {isa = PBXBuildFile; fileRef = 4A139B6599DC4EB0868135E4 /* GoogleMapsCore.framework */; };
		F1EBE00674EE4B0780A490E1 /* PluginCircle.m in Sources */ = {isa = PBXBuildFile; fileRef = 76D2326FD8F04274B21D9238 /* PluginCircle.m */; };
		9567706349304E0E9CB97CB5 /* PluginGeocoder.m in Sources */ = {isa = PBXBuildFile; fileRef = 17A7ACE793CA41B8A08360B6 /* PluginGeocoder.m */; };
		F1E0986BBD0849DB9A1E0B61 /* Environment.m in Sources */ = {isa = PBXBuildFile; fileRef = 1C76D57664364D1294F42268 /* Environment.m */; };
		A5A4E99976CF476BAFF3106A /* CordovaGoogleMaps.m in Sources */ = {isa = PBXBuildFile; fileRef = 2624DC9F7FAC416F853125E1 /* CordovaGoogleMaps.m */; };
		E416832DB5884AFE90E3ABB8 /* GoogleMapsViewController.m in Sources */ = {isa = PBXBuildFile; fileRef = EFF3B69743DC416BB9FE643A /* GoogleMapsViewController.m */; };
		10ABEDA16E4944E091EAE848 /* PluginGroundOverlay.m in Sources */ = {isa = PBXBuildFile; fileRef = CB2FE6278B134EDCAADE980F /* PluginGroundOverlay.m */; };
		B7BFD77F5CA443CDBC4C2D15 /* PluginKmlOverlay.m in Sources */ = {isa = PBXBuildFile; fileRef = ECAFE0D479F14BAEA4D0B06C /* PluginKmlOverlay.m */; };
		3B21CE846F5B4C1983B4258B /* PluginMap.m in Sources */ = {isa = PBXBuildFile; fileRef = D4EE741345FC4389A25C8A24 /* PluginMap.m */; };
		78B9B374AF204C7DA610497C /* PluginMarker.m in Sources */ = {isa = PBXBuildFile; fileRef = 6CA635B28BE04AC7AB77C741 /* PluginMarker.m */; };
		3515B9B0D6D14441A02E1481 /* PluginUtil.m in Sources */ = {isa = PBXBuildFile; fileRef = 1F93FA338CD140128DCE1D91 /* PluginUtil.m */; };
		6960DA5F86E94279811F21E4 /* PluginPolygon.m in Sources */ = {isa = PBXBuildFile; fileRef = 12FBF4921DF743EBA4D49123 /* PluginPolygon.m */; };
		BCD040D513834B52838823B4 /* PluginPolyline.m in Sources */ = {isa = PBXBuildFile; fileRef = 7BEECC7114EE424A93DD4E5F /* PluginPolyline.m */; };
		A56511D3EACD4F1CB6D2C748 /* PluginTileProvider.m in Sources */ = {isa = PBXBuildFile; fileRef = 8F3E33B12B7341199DF132A7 /* PluginTileProvider.m */; };
		9179BD5F2F6F46D7BD0B40EF /* TBXML.m in Sources */ = {isa = PBXBuildFile; fileRef = BCFCF8AEB8B14F438B35CAC0 /* TBXML.m */; };
		9FD1E50AF0794FD09E42A057 /* PluginTileOverlay.m in Sources */ = {isa = PBXBuildFile; fileRef = 96E5F60C42B44D04A2EAEFAB /* PluginTileOverlay.m */; };
		4D424C1520E34799833BAC4C /* NSData+Base64.m in Sources */ = {isa = PBXBuildFile; fileRef = DAA985F91C55492C9E4B89A8 /* NSData+Base64.m */; };
		22D9AD6FE2C549139105AB80 /* GMSCoordinateBounds+Geometry.m in Sources */ = {isa = PBXBuildFile; fileRef = E04746E4763F4E0BBE8CE047 /* GMSCoordinateBounds+Geometry.m */; };
		21FE23C0AAEF4EF7AFE0AFD4 /* MyPluginLayer.m in Sources */ = {isa = PBXBuildFile; fileRef = 0CBB95A32B1B4B3FB2C08B98 /* MyPluginLayer.m */; };
		E759355A3BB74B26975758C6 /* MyPluginLayerDebugView.m in Sources */ = {isa = PBXBuildFile; fileRef = 715793A929EC459B99AC3F47 /* MyPluginLayerDebugView.m */; };
		6D59D09E3EE84D08B4DFE458 /* MyPluginScrollView.m in Sources */ = {isa = PBXBuildFile; fileRef = BBE09513937A438CBCFC22C6 /* MyPluginScrollView.m */; };
		BC45D41DF2144687A4EA7D19 /* PluginMarkerCluster.m in Sources */ = {isa = PBXBuildFile; fileRef = 520797B9AC8F4575B3D74FD7 /* PluginMarkerCluster.m */; };
		09B48E6A0826449FA9341FFF /* UIImageCache.m in Sources */ = {isa = PBXBuildFile; fileRef = A8B4B00309A1471D9EFD8645 /* UIImageCache.m */; };
/* End PBXBuildFile section */

/* Begin PBXContainerItemProxy section */
		301BF534109A57CC0062928A /* PBXContainerItemProxy */ = {
			isa = PBXContainerItemProxy;
			containerPortal = 301BF52D109A57CC0062928A /* CordovaLib/CordovaLib.xcodeproj */;
			proxyType = 2;
			remoteGlobalIDString = D2AAC07E0554694100DB518D;
			remoteInfo = CordovaLib;
		};
		301BF550109A68C00062928A /* PBXContainerItemProxy */ = {
			isa = PBXContainerItemProxy;
			containerPortal = 301BF52D109A57CC0062928A /* CordovaLib/CordovaLib.xcodeproj */;
			proxyType = 1;
			remoteGlobalIDString = D2AAC07D0554694100DB518D;
			remoteInfo = CordovaLib;
		};
		DDD7B7F71FE4E70D000DA008 /* PBXContainerItemProxy */ = {
			isa = PBXContainerItemProxy;
			containerPortal = 301BF52D109A57CC0062928A /* CordovaLib/CordovaLib.xcodeproj */;
			proxyType = 2;
			remoteGlobalIDString = C0C01EB21E3911D50056E6CB;
			remoteInfo = Cordova;
		};
/* End PBXContainerItemProxy section */

/* Begin PBXFileReference section */
		0207DA571B56EA530066E2B4 /* Images.xcassets */ = {isa = PBXFileReference; lastKnownFileType = folder.assetcatalog; name = Images.xcassets; path = "buy-material/Images.xcassets"; sourceTree = SOURCE_ROOT; };
		021C5884B034403B95DDFFDB /* AFURLResponseSerialization.h */ = {isa = PBXFileReference; explicitFileType = undefined; fileEncoding = 4; includeInIndex = 0; lastKnownFileType = sourcecode.c.h; name = AFURLResponseSerialization.h; path = "cordova-plugin-advanced-http/AFURLResponseSerialization.h"; sourceTree = "<group>"; };
		02FBA490E3804F779D7671F0 /* SystemConfiguration.framework */ = {isa = PBXFileReference; explicitFileType = undefined; fileEncoding = 9; includeInIndex = 0; lastKnownFileType = wrapper.framework; name = SystemConfiguration.framework; path = System/Library/Frameworks/SystemConfiguration.framework; sourceTree = SDKROOT; };
		04D4AE0D285C4BB89D296FF2 /* GCDWebServerErrorResponse.h */ = {isa = PBXFileReference; explicitFileType = undefined; fileEncoding = 4; includeInIndex = 0; lastKnownFileType = sourcecode.c.h; name = GCDWebServerErrorResponse.h; path = "cordova-plugin-ionic-webview/GCDWebServerErrorResponse.h"; sourceTree = "<group>"; };
		07EF50CAE11649D4A5C39236 /* AFURLSessionManager.h */ = {isa = PBXFileReference; explicitFileType = undefined; fileEncoding = 4; includeInIndex = 0; lastKnownFileType = sourcecode.c.h; name = AFURLSessionManager.h; path = "cordova-plugin-advanced-http/AFURLSessionManager.h"; sourceTree = "<group>"; };
		082E72D91E084994A7496B37 /* AFNetworkReachabilityManager.h */ = {isa = PBXFileReference; explicitFileType = undefined; fileEncoding = 4; includeInIndex = 0; lastKnownFileType = sourcecode.c.h; name = AFNetworkReachabilityManager.h; path = "cordova-plugin-advanced-http/AFNetworkReachabilityManager.h"; sourceTree = "<group>"; };
		083B0A4E48F54F81A1264506 /* GCDWebServerDataResponse.m */ = {isa = PBXFileReference; explicitFileType = undefined; fileEncoding = 4; includeInIndex = 0; lastKnownFileType = sourcecode.c.objc; name = GCDWebServerDataResponse.m; path = "cordova-plugin-ionic-webview/GCDWebServerDataResponse.m"; sourceTree = "<group>"; };
		0E0A30A6E1104C23AD5A7A46 /* GCDWebServerURLEncodedFormRequest.h */ = {isa = PBXFileReference; explicitFileType = undefined; fileEncoding = 4; includeInIndex = 0; lastKnownFileType = sourcecode.c.h; name = GCDWebServerURLEncodedFormRequest.h; path = "cordova-plugin-ionic-webview/GCDWebServerURLEncodedFormRequest.h"; sourceTree = "<group>"; };
		0F08532EDBB04458B320FEE9 /* CDVLocalFilesystem.h */ = {isa = PBXFileReference; explicitFileType = undefined; fileEncoding = 4; includeInIndex = 0; lastKnownFileType = sourcecode.c.h; name = CDVLocalFilesystem.h; path = "cordova-plugin-file/CDVLocalFilesystem.h"; sourceTree = "<group>"; };
		0FF2BB13A14344BAA5855613 /* AFNetworkReachabilityManager.m */ = {isa = PBXFileReference; explicitFileType = undefined; fileEncoding = 4; includeInIndex = 0; lastKnownFileType = sourcecode.c.objc; name = AFNetworkReachabilityManager.m; path = "cordova-plugin-advanced-http/AFNetworkReachabilityManager.m"; sourceTree = "<group>"; };
		1080EAD3ECA14817870A7011 /* GCDWebServerResponse.m */ = {isa = PBXFileReference; explicitFileType = undefined; fileEncoding = 4; includeInIndex = 0; lastKnownFileType = sourcecode.c.objc; name = GCDWebServerResponse.m; path = "cordova-plugin-ionic-webview/GCDWebServerResponse.m"; sourceTree = "<group>"; };
		151A5D284BE245ADADF090A3 /* AFSecurityPolicy.h */ = {isa = PBXFileReference; explicitFileType = undefined; fileEncoding = 4; includeInIndex = 0; lastKnownFileType = sourcecode.c.h; name = AFSecurityPolicy.h; path = "cordova-plugin-advanced-http/AFSecurityPolicy.h"; sourceTree = "<group>"; };
		1953AECACB4A4671BE9CA337 /* CDVLocalFilesystem.m */ = {isa = PBXFileReference; explicitFileType = undefined; fileEncoding = 4; includeInIndex = 0; lastKnownFileType = sourcecode.c.objc; name = CDVLocalFilesystem.m; path = "cordova-plugin-file/CDVLocalFilesystem.m"; sourceTree = "<group>"; };
		1ABA7ABD7DA94E09B0F97849 /* CDVWKWebViewEngine.h */ = {isa = PBXFileReference; explicitFileType = undefined; fileEncoding = 4; includeInIndex = 0; lastKnownFileType = sourcecode.c.h; name = CDVWKWebViewEngine.h; path = "cordova-plugin-ionic-webview/CDVWKWebViewEngine.h"; sourceTree = "<group>"; };
		1B2FE6EA68DD44FBBC27ADDD /* GCDWebServerHTTPStatusCodes.h */ = {isa = PBXFileReference; explicitFileType = undefined; fileEncoding = 4; includeInIndex = 0; lastKnownFileType = sourcecode.c.h; name = GCDWebServerHTTPStatusCodes.h; path = "cordova-plugin-ionic-webview/GCDWebServerHTTPStatusCodes.h"; sourceTree = "<group>"; };
		1B47A1E1461D448ABE66F899 /* CDVSplashScreen.h */ = {isa = PBXFileReference; explicitFileType = undefined; fileEncoding = 4; includeInIndex = 0; lastKnownFileType = sourcecode.c.h; name = CDVSplashScreen.h; path = "cordova-plugin-splashscreen/CDVSplashScreen.h"; sourceTree = "<group>"; };
		1D3623240D0F684500981E51 /* AppDelegate.h */ = {isa = PBXFileReference; fileEncoding = 4; lastKnownFileType = sourcecode.c.h; path = AppDelegate.h; sourceTree = "<group>"; };
		1D3623250D0F684500981E51 /* AppDelegate.m */ = {isa = PBXFileReference; fileEncoding = 4; lastKnownFileType = sourcecode.c.objc; path = AppDelegate.m; sourceTree = "<group>"; };
		1D6058910D05DD3D006BFB54 /* buy-material.app */ = {isa = PBXFileReference; explicitFileType = wrapper.application; includeInIndex = 0; path = "buy-material.app"; sourceTree = BUILT_PRODUCTS_DIR; };
		20D637A777094B2FAF49EF2E /* libz.tbd */ = {isa = PBXFileReference; explicitFileType = undefined; fileEncoding = 9; includeInIndex = 0; lastKnownFileType = "sourcecode.text-based-dylib-definition"; name = libz.tbd; path = usr/lib/libz.tbd; sourceTree = SDKROOT; };
		22BE496B0E8448C7B269C6F8 /* GCDWebServerFunctions.h */ = {isa = PBXFileReference; explicitFileType = undefined; fileEncoding = 4; includeInIndex = 0; lastKnownFileType = sourcecode.c.h; name = GCDWebServerFunctions.h; path = "cordova-plugin-ionic-webview/GCDWebServerFunctions.h"; sourceTree = "<group>"; };
		23D4C1BC08B041BC92C0C0E4 /* GCDWebServer.m */ = {isa = PBXFileReference; explicitFileType = undefined; fileEncoding = 4; includeInIndex = 0; lastKnownFileType = sourcecode.c.objc; name = GCDWebServer.m; path = "cordova-plugin-ionic-webview/GCDWebServer.m"; sourceTree = "<group>"; };
		241C1BFCD53B4CC7A47D1522 /* CDVViewController+SplashScreen.h */ = {isa = PBXFileReference; explicitFileType = undefined; fileEncoding = 4; includeInIndex = 0; lastKnownFileType = sourcecode.c.h; name = "CDVViewController+SplashScreen.h"; path = "cordova-plugin-splashscreen/CDVViewController+SplashScreen.h"; sourceTree = "<group>"; };
		29B97316FDCFA39411CA2CEA /* main.m */ = {isa = PBXFileReference; fileEncoding = 4; lastKnownFileType = sourcecode.c.objc; path = main.m; sourceTree = "<group>"; };
		2A7FAEBEEAA44055BCBA3F51 /* AFURLRequestSerialization.m */ = {isa = PBXFileReference; explicitFileType = undefined; fileEncoding = 4; includeInIndex = 0; lastKnownFileType = sourcecode.c.objc; name = AFURLRequestSerialization.m; path = "cordova-plugin-advanced-http/AFURLRequestSerialization.m"; sourceTree = "<group>"; };
		301BF52D109A57CC0062928A /* CordovaLib/CordovaLib.xcodeproj */ = {isa = PBXFileReference; lastKnownFileType = "wrapper.pb-project"; path = CordovaLib/CordovaLib.xcodeproj; sourceTree = "<group>"; };
		301BF56E109A69640062928A /* www */ = {isa = PBXFileReference; lastKnownFileType = folder; path = www; sourceTree = SOURCE_ROOT; };
		302D95EE14D2391D003F00A1 /* MainViewController.h */ = {isa = PBXFileReference; fileEncoding = 4; lastKnownFileType = sourcecode.c.h; path = MainViewController.h; sourceTree = "<group>"; };
		302D95EF14D2391D003F00A1 /* MainViewController.m */ = {isa = PBXFileReference; fileEncoding = 4; lastKnownFileType = sourcecode.c.objc; path = MainViewController.m; sourceTree = "<group>"; };
		302D95F014D2391D003F00A1 /* MainViewController.xib */ = {isa = PBXFileReference; fileEncoding = 4; lastKnownFileType = file.xib; path = MainViewController.xib; sourceTree = "<group>"; };
		3047A50F1AB8059700498E2A /* build-debug.xcconfig */ = {isa = PBXFileReference; fileEncoding = 4; lastKnownFileType = text.xcconfig; name = "build-debug.xcconfig"; path = "cordova/build-debug.xcconfig"; sourceTree = SOURCE_ROOT; };
		3047A5101AB8059700498E2A /* build-release.xcconfig */ = {isa = PBXFileReference; fileEncoding = 4; lastKnownFileType = text.xcconfig; name = "build-release.xcconfig"; path = "cordova/build-release.xcconfig"; sourceTree = SOURCE_ROOT; };
		3047A5111AB8059700498E2A /* build.xcconfig */ = {isa = PBXFileReference; fileEncoding = 4; lastKnownFileType = text.xcconfig; name = build.xcconfig; path = cordova/build.xcconfig; sourceTree = SOURCE_ROOT; };
		32CA4F630368D1EE00C91783 /* buy-material-Prefix.pch */ = {isa = PBXFileReference; fileEncoding = 4; lastKnownFileType = sourcecode.c.h; path = "buy-material-Prefix.pch"; sourceTree = "<group>"; };
		3430FA8A1436476A8BB26499 /* GCDWebServerPrivate.h */ = {isa = PBXFileReference; explicitFileType = undefined; fileEncoding = 4; includeInIndex = 0; lastKnownFileType = sourcecode.c.h; name = GCDWebServerPrivate.h; path = "cordova-plugin-ionic-webview/GCDWebServerPrivate.h"; sourceTree = "<group>"; };
		3787B260B7E04170988CF348 /* GCDWebServerStreamedResponse.m */ = {isa = PBXFileReference; explicitFileType = undefined; fileEncoding = 4; includeInIndex = 0; lastKnownFileType = sourcecode.c.objc; name = GCDWebServerStreamedResponse.m; path = "cordova-plugin-ionic-webview/GCDWebServerStreamedResponse.m"; sourceTree = "<group>"; };
		37D14A2AD9374B3291ACEF17 /* AFHTTPSessionManager.m */ = {isa = PBXFileReference; explicitFileType = undefined; fileEncoding = 4; includeInIndex = 0; lastKnownFileType = sourcecode.c.objc; name = AFHTTPSessionManager.m; path = "cordova-plugin-advanced-http/AFHTTPSessionManager.m"; sourceTree = "<group>"; };
		47E4472F27524640B80EE6A4 /* CDVWKProcessPoolFactory.m */ = {isa = PBXFileReference; explicitFileType = undefined; fileEncoding = 4; includeInIndex = 0; lastKnownFileType = sourcecode.c.objc; name = CDVWKProcessPoolFactory.m; path = "cordova-plugin-ionic-webview/CDVWKProcessPoolFactory.m"; sourceTree = "<group>"; };
		47EF5252C1EB4BE491FAAD14 /* CDVWKWebViewUIDelegate.m */ = {isa = PBXFileReference; explicitFileType = undefined; fileEncoding = 4; includeInIndex = 0; lastKnownFileType = sourcecode.c.objc; name = CDVWKWebViewUIDelegate.m; path = "cordova-plugin-ionic-webview/CDVWKWebViewUIDelegate.m"; sourceTree = "<group>"; };
		55768770FC6144098E537CF4 /* AFURLSessionManager.m */ = {isa = PBXFileReference; explicitFileType = undefined; fileEncoding = 4; includeInIndex = 0; lastKnownFileType = sourcecode.c.objc; name = AFURLSessionManager.m; path = "cordova-plugin-advanced-http/AFURLSessionManager.m"; sourceTree = "<group>"; };
		5A27A2277696475085EEB753 /* CDVFile.m */ = {isa = PBXFileReference; explicitFileType = undefined; fileEncoding = 4; includeInIndex = 0; lastKnownFileType = sourcecode.c.objc; name = CDVFile.m; path = "cordova-plugin-file/CDVFile.m"; sourceTree = "<group>"; };
		608053AB061A4ACFBD6ECAA5 /* CDVWKWebViewUIDelegate.h */ = {isa = PBXFileReference; explicitFileType = undefined; fileEncoding = 4; includeInIndex = 0; lastKnownFileType = sourcecode.c.h; name = CDVWKWebViewUIDelegate.h; path = "cordova-plugin-ionic-webview/CDVWKWebViewUIDelegate.h"; sourceTree = "<group>"; };
		6733D98E7CC34B81A4B2337C /* GCDWebServerConnection.h */ = {isa = PBXFileReference; explicitFileType = undefined; fileEncoding = 4; includeInIndex = 0; lastKnownFileType = sourcecode.c.h; name = GCDWebServerConnection.h; path = "cordova-plugin-ionic-webview/GCDWebServerConnection.h"; sourceTree = "<group>"; };
		69AAEB5AC36047289053BD04 /* GCDWebServerConnection.m */ = {isa = PBXFileReference; explicitFileType = undefined; fileEncoding = 4; includeInIndex = 0; lastKnownFileType = sourcecode.c.objc; name = GCDWebServerConnection.m; path = "cordova-plugin-ionic-webview/GCDWebServerConnection.m"; sourceTree = "<group>"; };
		6AFF5BF81D6E424B00AB3073 /* CDVLaunchScreen.storyboard */ = {isa = PBXFileReference; fileEncoding = 4; lastKnownFileType = file.storyboard; name = CDVLaunchScreen.storyboard; path = "buy-material/CDVLaunchScreen.storyboard"; sourceTree = SOURCE_ROOT; };
		6B0306FB09514507A27677D2 /* GCDWebServerDataRequest.m */ = {isa = PBXFileReference; explicitFileType = undefined; fileEncoding = 4; includeInIndex = 0; lastKnownFileType = sourcecode.c.objc; name = GCDWebServerDataRequest.m; path = "cordova-plugin-ionic-webview/GCDWebServerDataRequest.m"; sourceTree = "<group>"; };
		6D29A225573445E3A21BAFDC /* CordovaHttpPlugin.h */ = {isa = PBXFileReference; explicitFileType = undefined; fileEncoding = 4; includeInIndex = 0; lastKnownFileType = sourcecode.c.h; name = CordovaHttpPlugin.h; path = "cordova-plugin-advanced-http/CordovaHttpPlugin.h"; sourceTree = "<group>"; };
		76CDD2BC948D4C169E73D3A9 /* GCDWebServerDataRequest.h */ = {isa = PBXFileReference; explicitFileType = undefined; fileEncoding = 4; includeInIndex = 0; lastKnownFileType = sourcecode.c.h; name = GCDWebServerDataRequest.h; path = "cordova-plugin-ionic-webview/GCDWebServerDataRequest.h"; sourceTree = "<group>"; };
		7758B2288CCE4AB48DB0664F /* CDVStatusBar.h */ = {isa = PBXFileReference; explicitFileType = undefined; fileEncoding = 4; includeInIndex = 0; lastKnownFileType = sourcecode.c.h; name = CDVStatusBar.h; path = "cordova-plugin-statusbar/CDVStatusBar.h"; sourceTree = "<group>"; };
		786CD1B33B3B413DBDA3E2F9 /* CDVWKWebViewEngine.m */ = {isa = PBXFileReference; explicitFileType = undefined; fileEncoding = 4; includeInIndex = 0; lastKnownFileType = sourcecode.c.objc; name = CDVWKWebViewEngine.m; path = "cordova-plugin-ionic-webview/CDVWKWebViewEngine.m"; sourceTree = "<group>"; };
		80DF74D7A2AC4EDC8F183831 /* GCDWebServerFileRequest.m */ = {isa = PBXFileReference; explicitFileType = undefined; fileEncoding = 4; includeInIndex = 0; lastKnownFileType = sourcecode.c.objc; name = GCDWebServerFileRequest.m; path = "cordova-plugin-ionic-webview/GCDWebServerFileRequest.m"; sourceTree = "<group>"; };
		851695026B504FF4A86FCEFD /* AFURLResponseSerialization.m */ = {isa = PBXFileReference; explicitFileType = undefined; fileEncoding = 4; includeInIndex = 0; lastKnownFileType = sourcecode.c.objc; name = AFURLResponseSerialization.m; path = "cordova-plugin-advanced-http/AFURLResponseSerialization.m"; sourceTree = "<group>"; };
		87432C84C39A472683D61906 /* CDVStatusBar.m */ = {isa = PBXFileReference; explicitFileType = undefined; fileEncoding = 4; includeInIndex = 0; lastKnownFileType = sourcecode.c.objc; name = CDVStatusBar.m; path = "cordova-plugin-statusbar/CDVStatusBar.m"; sourceTree = "<group>"; };
		881F0CB143F746A88A2E73D0 /* GCDWebServerResponse.h */ = {isa = PBXFileReference; explicitFileType = undefined; fileEncoding = 4; includeInIndex = 0; lastKnownFileType = sourcecode.c.h; name = GCDWebServerResponse.h; path = "cordova-plugin-ionic-webview/GCDWebServerResponse.h"; sourceTree = "<group>"; };
		884470820ADF4217BA4B3D8B /* CDVViewController+SplashScreen.m */ = {isa = PBXFileReference; explicitFileType = undefined; fileEncoding = 4; includeInIndex = 0; lastKnownFileType = sourcecode.c.objc; name = "CDVViewController+SplashScreen.m"; path = "cordova-plugin-splashscreen/CDVViewController+SplashScreen.m"; sourceTree = "<group>"; };
		88EAE8E4E2CA4D138CC59173 /* CordovaHttpPlugin.m */ = {isa = PBXFileReference; explicitFileType = undefined; fileEncoding = 4; includeInIndex = 0; lastKnownFileType = sourcecode.c.objc; name = CordovaHttpPlugin.m; path = "cordova-plugin-advanced-http/CordovaHttpPlugin.m"; sourceTree = "<group>"; };
		8D1107310486CEB800E47090 /* buy-material-Info.plist */ = {isa = PBXFileReference; fileEncoding = 4; lastKnownFileType = text.plist.xml; name = "buy-material-Info.plist"; path = "buy-material/buy-material-Info.plist"; plistStructureDefinitionIdentifier = "com.apple.xcode.plist.structure-definition.iphone.info-plist"; sourceTree = SOURCE_ROOT; };
		9442A089487D4219A627E87B /* IonicKeyboard.m */ = {isa = PBXFileReference; explicitFileType = undefined; fileEncoding = 4; includeInIndex = 0; lastKnownFileType = sourcecode.c.objc; name = IonicKeyboard.m; path = "ionic-plugin-keyboard/IonicKeyboard.m"; sourceTree = "<group>"; };
		96FC65D4EA1847819A4A1D22 /* GCDWebServerURLEncodedFormRequest.m */ = {isa = PBXFileReference; explicitFileType = undefined; fileEncoding = 4; includeInIndex = 0; lastKnownFileType = sourcecode.c.objc; name = GCDWebServerURLEncodedFormRequest.m; path = "cordova-plugin-ionic-webview/GCDWebServerURLEncodedFormRequest.m"; sourceTree = "<group>"; };
		A12B1D9A0B174083AC7BF317 /* GCDWebServerFileRequest.h */ = {isa = PBXFileReference; explicitFileType = undefined; fileEncoding = 4; includeInIndex = 0; lastKnownFileType = sourcecode.c.h; name = GCDWebServerFileRequest.h; path = "cordova-plugin-ionic-webview/GCDWebServerFileRequest.h"; sourceTree = "<group>"; };
		A343AEED848444E8B1B58C8E /* GCDWebServerMultiPartFormRequest.m */ = {isa = PBXFileReference; explicitFileType = undefined; fileEncoding = 4; includeInIndex = 0; lastKnownFileType = sourcecode.c.objc; name = GCDWebServerMultiPartFormRequest.m; path = "cordova-plugin-ionic-webview/GCDWebServerMultiPartFormRequest.m"; sourceTree = "<group>"; };
		A58D7647C02C44CE9B37823F /* AFSecurityPolicy.m */ = {isa = PBXFileReference; explicitFileType = undefined; fileEncoding = 4; includeInIndex = 0; lastKnownFileType = sourcecode.c.objc; name = AFSecurityPolicy.m; path = "cordova-plugin-advanced-http/AFSecurityPolicy.m"; sourceTree = "<group>"; };
		AD430BAC94DB4B9290818994 /* CDVAssetLibraryFilesystem.h */ = {isa = PBXFileReference; explicitFileType = undefined; fileEncoding = 4; includeInIndex = 0; lastKnownFileType = sourcecode.c.h; name = CDVAssetLibraryFilesystem.h; path = "cordova-plugin-file/CDVAssetLibraryFilesystem.h"; sourceTree = "<group>"; };
		ADE4B6652D994854A8AFFEE6 /* TextResponseSerializer.h */ = {isa = PBXFileReference; explicitFileType = undefined; fileEncoding = 4; includeInIndex = 0; lastKnownFileType = sourcecode.c.h; name = TextResponseSerializer.h; path = "cordova-plugin-advanced-http/TextResponseSerializer.h"; sourceTree = "<group>"; };
		AF8254AD42D84E37ADEB0D4D /* CDVWKProcessPoolFactory.h */ = {isa = PBXFileReference; explicitFileType = undefined; fileEncoding = 4; includeInIndex = 0; lastKnownFileType = sourcecode.c.h; name = CDVWKProcessPoolFactory.h; path = "cordova-plugin-ionic-webview/CDVWKProcessPoolFactory.h"; sourceTree = "<group>"; };
		B05ADB8F29DC417B8FE1E5BE /* CDVFile.h */ = {isa = PBXFileReference; explicitFileType = undefined; fileEncoding = 4; includeInIndex = 0; lastKnownFileType = sourcecode.c.h; name = CDVFile.h; path = "cordova-plugin-file/CDVFile.h"; sourceTree = "<group>"; };
		B1D6BE58CEA94FD18DE1FDB1 /* Security.framework */ = {isa = PBXFileReference; explicitFileType = undefined; fileEncoding = 9; includeInIndex = 0; lastKnownFileType = wrapper.framework; name = Security.framework; path = System/Library/Frameworks/Security.framework; sourceTree = SDKROOT; };
		BA9727F8869140F193B4BA06 /* GCDWebServer.h */ = {isa = PBXFileReference; explicitFileType = undefined; fileEncoding = 4; includeInIndex = 0; lastKnownFileType = sourcecode.c.h; name = GCDWebServer.h; path = "cordova-plugin-ionic-webview/GCDWebServer.h"; sourceTree = "<group>"; };
		BF22AD1098494BEC93C2E38D /* GCDWebServerRequest.h */ = {isa = PBXFileReference; explicitFileType = undefined; fileEncoding = 4; includeInIndex = 0; lastKnownFileType = sourcecode.c.h; name = GCDWebServerRequest.h; path = "cordova-plugin-ionic-webview/GCDWebServerRequest.h"; sourceTree = "<group>"; };
		C92779C93156490A95815914 /* GCDWebServerErrorResponse.m */ = {isa = PBXFileReference; explicitFileType = undefined; fileEncoding = 4; includeInIndex = 0; lastKnownFileType = sourcecode.c.objc; name = GCDWebServerErrorResponse.m; path = "cordova-plugin-ionic-webview/GCDWebServerErrorResponse.m"; sourceTree = "<group>"; };
		CD55DA30258E4BDDA7DF38DF /* CDVSplashScreen.m */ = {isa = PBXFileReference; explicitFileType = undefined; fileEncoding = 4; includeInIndex = 0; lastKnownFileType = sourcecode.c.objc; name = CDVSplashScreen.m; path = "cordova-plugin-splashscreen/CDVSplashScreen.m"; sourceTree = "<group>"; };
		CDE6467BEB1E43F380403142 /* AFURLRequestSerialization.h */ = {isa = PBXFileReference; explicitFileType = undefined; fileEncoding = 4; includeInIndex = 0; lastKnownFileType = sourcecode.c.h; name = AFURLRequestSerialization.h; path = "cordova-plugin-advanced-http/AFURLRequestSerialization.h"; sourceTree = "<group>"; };
		CFC6D4055CFF49AE891127E2 /* GCDWebServerDataResponse.h */ = {isa = PBXFileReference; explicitFileType = undefined; fileEncoding = 4; includeInIndex = 0; lastKnownFileType = sourcecode.c.h; name = GCDWebServerDataResponse.h; path = "cordova-plugin-ionic-webview/GCDWebServerDataResponse.h"; sourceTree = "<group>"; };
		D08196A07E33422899420583 /* GCDWebServerFileResponse.m */ = {isa = PBXFileReference; explicitFileType = undefined; fileEncoding = 4; includeInIndex = 0; lastKnownFileType = sourcecode.c.objc; name = GCDWebServerFileResponse.m; path = "cordova-plugin-ionic-webview/GCDWebServerFileResponse.m"; sourceTree = "<group>"; };
		D69F564BA7D34543BCE2D669 /* CDVDevice.m */ = {isa = PBXFileReference; explicitFileType = undefined; fileEncoding = 4; includeInIndex = 0; lastKnownFileType = sourcecode.c.objc; name = CDVDevice.m; path = "cordova-plugin-device/CDVDevice.m"; sourceTree = "<group>"; };
		D87206DF95D84D77A1B5A53D /* AFNetworking.h */ = {isa = PBXFileReference; explicitFileType = undefined; fileEncoding = 4; includeInIndex = 0; lastKnownFileType = sourcecode.c.h; name = AFNetworking.h; path = "cordova-plugin-advanced-http/AFNetworking.h"; sourceTree = "<group>"; };
		E005EADF089C4A628F156A6F /* CDVAssetLibraryFilesystem.m */ = {isa = PBXFileReference; explicitFileType = undefined; fileEncoding = 4; includeInIndex = 0; lastKnownFileType = sourcecode.c.objc; name = CDVAssetLibraryFilesystem.m; path = "cordova-plugin-file/CDVAssetLibraryFilesystem.m"; sourceTree = "<group>"; };
		E1E555C4BBC14409BE1775AE /* GCDWebServerRequest.m */ = {isa = PBXFileReference; explicitFileType = undefined; fileEncoding = 4; includeInIndex = 0; lastKnownFileType = sourcecode.c.objc; name = GCDWebServerRequest.m; path = "cordova-plugin-ionic-webview/GCDWebServerRequest.m"; sourceTree = "<group>"; };
		E259187EDA3C4CF7BF087A90 /* GCDWebServerFileResponse.h */ = {isa = PBXFileReference; explicitFileType = undefined; fileEncoding = 4; includeInIndex = 0; lastKnownFileType = sourcecode.c.h; name = GCDWebServerFileResponse.h; path = "cordova-plugin-ionic-webview/GCDWebServerFileResponse.h"; sourceTree = "<group>"; };
		E73E13B925654DDDA5600DB7 /* GCDWebServerMultiPartFormRequest.h */ = {isa = PBXFileReference; explicitFileType = undefined; fileEncoding = 4; includeInIndex = 0; lastKnownFileType = sourcecode.c.h; name = GCDWebServerMultiPartFormRequest.h; path = "cordova-plugin-ionic-webview/GCDWebServerMultiPartFormRequest.h"; sourceTree = "<group>"; };
		E7F2482252284711ADF76CC5 /* AFHTTPSessionManager.h */ = {isa = PBXFileReference; explicitFileType = undefined; fileEncoding = 4; includeInIndex = 0; lastKnownFileType = sourcecode.c.h; name = AFHTTPSessionManager.h; path = "cordova-plugin-advanced-http/AFHTTPSessionManager.h"; sourceTree = "<group>"; };
		E862F3E98D0B4FE6AF699E7D /* GCDWebServerFunctions.m */ = {isa = PBXFileReference; explicitFileType = undefined; fileEncoding = 4; includeInIndex = 0; lastKnownFileType = sourcecode.c.objc; name = GCDWebServerFunctions.m; path = "cordova-plugin-ionic-webview/GCDWebServerFunctions.m"; sourceTree = "<group>"; };
		EB87FDF31871DA8E0020F90C /* www */ = {isa = PBXFileReference; lastKnownFileType = folder; name = www; path = ../../www; sourceTree = "<group>"; };
		EB87FDF41871DAF40020F90C /* config.xml */ = {isa = PBXFileReference; lastKnownFileType = text.xml; name = config.xml; path = ../../config.xml; sourceTree = "<group>"; };
		ED33DF2A687741AEAF9F8254 /* Bridging-Header.h */ = {isa = PBXFileReference; fileEncoding = 4; lastKnownFileType = sourcecode.c.h; path = "Bridging-Header.h"; sourceTree = "<group>"; };
		F32805549A5541469F5D9336 /* IonicKeyboard.h */ = {isa = PBXFileReference; explicitFileType = undefined; fileEncoding = 4; includeInIndex = 0; lastKnownFileType = sourcecode.c.h; name = IonicKeyboard.h; path = "ionic-plugin-keyboard/IonicKeyboard.h"; sourceTree = "<group>"; };
		F69ED26CA36743B382DDD06A /* GCDWebServerStreamedResponse.h */ = {isa = PBXFileReference; explicitFileType = undefined; fileEncoding = 4; includeInIndex = 0; lastKnownFileType = sourcecode.c.h; name = GCDWebServerStreamedResponse.h; path = "cordova-plugin-ionic-webview/GCDWebServerStreamedResponse.h"; sourceTree = "<group>"; };
		F7754E0550F24C718C84CF06 /* TextResponseSerializer.m */ = {isa = PBXFileReference; explicitFileType = undefined; fileEncoding = 4; includeInIndex = 0; lastKnownFileType = sourcecode.c.objc; name = TextResponseSerializer.m; path = "cordova-plugin-advanced-http/TextResponseSerializer.m"; sourceTree = "<group>"; };
		F840E1F0165FE0F500CFE078 /* config.xml */ = {isa = PBXFileReference; lastKnownFileType = text.xml; name = config.xml; path = "buy-material/config.xml"; sourceTree = "<group>"; };
		FCEB09730A344AA4AFB275AD /* QRScanner.swift */ = {isa = PBXFileReference; explicitFileType = undefined; fileEncoding = 4; includeInIndex = 0; lastKnownFileType = sourcecode.swift; name = QRScanner.swift; path = "cordova-plugin-qrscanner/QRScanner.swift"; sourceTree = "<group>"; };
		FED1CF9C1D364290B1266068 /* WebKit.framework */ = {isa = PBXFileReference; explicitFileType = undefined; fileEncoding = 9; includeInIndex = 0; lastKnownFileType = wrapper.framework; name = WebKit.framework; path = System/Library/Frameworks/WebKit.framework; sourceTree = SDKROOT; };
		FFC7413B6B324A3AA7926942 /* CDVDevice.h */ = {isa = PBXFileReference; explicitFileType = undefined; fileEncoding = 4; includeInIndex = 0; lastKnownFileType = sourcecode.c.h; name = CDVDevice.h; path = "cordova-plugin-device/CDVDevice.h"; sourceTree = "<group>"; };
		952CCC58E3AD48998206A599 /* CDVLocation.m */ = {isa = PBXFileReference; name = "CDVLocation.m"; path = "cordova-plugin-geolocation/CDVLocation.m"; sourceTree = "<group>"; fileEncoding = 4; lastKnownFileType = sourcecode.c.objc; explicitFileType = undefined; includeInIndex = 0; };
		EEC60030082C459C978AD037 /* CDVLocation.h */ = {isa = PBXFileReference; name = "CDVLocation.h"; path = "cordova-plugin-geolocation/CDVLocation.h"; sourceTree = "<group>"; fileEncoding = 4; lastKnownFileType = sourcecode.c.h; explicitFileType = undefined; includeInIndex = 0; };
		BC4587D6671B4A9D9D3C4758 /* CoreLocation.framework */ = {isa = PBXFileReference; name = "CoreLocation.framework"; path = "System/Library/Frameworks/CoreLocation.framework"; sourceTree = SDKROOT; fileEncoding = undefined; lastKnownFileType = wrapper.framework; explicitFileType = undefined; includeInIndex = 0; };
		24F01BB4E78A427193BAECC4 /* GoogleMaps.bundle */ = {isa = PBXFileReference; name = "GoogleMaps.bundle"; path = "GoogleMaps.bundle"; sourceTree = "<group>"; fileEncoding = undefined; lastKnownFileType = wrapper.plug-in; explicitFileType = undefined; includeInIndex = 0; };
		2C679212F4634A369B9B1575 /* Accelerate.framework */ = {isa = PBXFileReference; name = "Accelerate.framework"; path = "System/Library/Frameworks/Accelerate.framework"; sourceTree = SDKROOT; fileEncoding = undefined; lastKnownFileType = wrapper.framework; explicitFileType = undefined; includeInIndex = 0; };
		7E4766B688D142D285271480 /* CoreData.framework */ = {isa = PBXFileReference; name = "CoreData.framework"; path = "System/Library/Frameworks/CoreData.framework"; sourceTree = SDKROOT; fileEncoding = undefined; lastKnownFileType = wrapper.framework; explicitFileType = undefined; includeInIndex = 0; };
		1941F8DE6D5541DA9F468C5C /* CoreTelephony.framework */ = {isa = PBXFileReference; name = "CoreTelephony.framework"; path = "System/Library/Frameworks/CoreTelephony.framework"; sourceTree = SDKROOT; fileEncoding = undefined; lastKnownFileType = wrapper.framework; explicitFileType = undefined; includeInIndex = 0; };
		0DD82688006A49B2BA5E4EAD /* CoreText.framework */ = {isa = PBXFileReference; name = "CoreText.framework"; path = "System/Library/Frameworks/CoreText.framework"; sourceTree = SDKROOT; fileEncoding = undefined; lastKnownFileType = wrapper.framework; explicitFileType = undefined; includeInIndex = 0; };
		E9337E2A91B14A688869F2F2 /* GLKit.framework */ = {isa = PBXFileReference; name = "GLKit.framework"; path = "System/Library/Frameworks/GLKit.framework"; sourceTree = SDKROOT; fileEncoding = undefined; lastKnownFileType = wrapper.framework; explicitFileType = undefined; includeInIndex = 0; };
		636027B82C4340149AAD1546 /* ImageIO.framework */ = {isa = PBXFileReference; name = "ImageIO.framework"; path = "System/Library/Frameworks/ImageIO.framework"; sourceTree = SDKROOT; fileEncoding = undefined; lastKnownFileType = wrapper.framework; explicitFileType = undefined; includeInIndex = 0; };
		A1306368EA244AACB791F01A /* libc++.tbd */ = {isa = PBXFileReference; name = "libc++.tbd"; path = "usr/lib/libc++.tbd"; sourceTree = SDKROOT; fileEncoding = undefined; lastKnownFileType = sourcecode.text-based-dylib-definition; explicitFileType = undefined; includeInIndex = 0; };
		321C8DEC05CB479982727BFF /* OpenGLES.framework */ = {isa = PBXFileReference; name = "OpenGLES.framework"; path = "System/Library/Frameworks/OpenGLES.framework"; sourceTree = SDKROOT; fileEncoding = undefined; lastKnownFileType = wrapper.framework; explicitFileType = undefined; includeInIndex = 0; };
		2D02F28FC6884669B215F013 /* QuartzCore.framework */ = {isa = PBXFileReference; name = "QuartzCore.framework"; path = "System/Library/Frameworks/QuartzCore.framework"; sourceTree = SDKROOT; fileEncoding = undefined; lastKnownFileType = wrapper.framework; explicitFileType = undefined; includeInIndex = 0; };
		557DC9A1724D4AB0BA6A95EC /* UIKit.framework */ = {isa = PBXFileReference; name = "UIKit.framework"; path = "System/Library/Frameworks/UIKit.framework"; sourceTree = SDKROOT; fileEncoding = undefined; lastKnownFileType = wrapper.framework; explicitFileType = undefined; includeInIndex = 0; };
		3F2FA59C1AAB4844AAD3D51F /* GoogleMapsBase.framework */ = {isa = PBXFileReference; name = "GoogleMapsBase.framework"; path = "buy-material/Plugins/com.googlemaps.ios/GoogleMapsBase.framework"; sourceTree = "<group>"; fileEncoding = undefined; lastKnownFileType = wrapper.framework; explicitFileType = undefined; includeInIndex = 0; };
		D5A8921617A742AFA4D6144A /* GoogleMaps.framework */ = {isa = PBXFileReference; name = "GoogleMaps.framework"; path = "buy-material/Plugins/com.googlemaps.ios/GoogleMaps.framework"; sourceTree = "<group>"; fileEncoding = undefined; lastKnownFileType = wrapper.framework; explicitFileType = undefined; includeInIndex = 0; };
		4A139B6599DC4EB0868135E4 /* GoogleMapsCore.framework */ = {isa = PBXFileReference; name = "GoogleMapsCore.framework"; path = "buy-material/Plugins/com.googlemaps.ios/GoogleMapsCore.framework"; sourceTree = "<group>"; fileEncoding = undefined; lastKnownFileType = wrapper.framework; explicitFileType = undefined; includeInIndex = 0; };
		76D2326FD8F04274B21D9238 /* PluginCircle.m */ = {isa = PBXFileReference; name = "PluginCircle.m"; path = "cordova-plugin-googlemaps/PluginCircle.m"; sourceTree = "<group>"; fileEncoding = 4; lastKnownFileType = sourcecode.c.objc; explicitFileType = undefined; includeInIndex = 0; };
		17A7ACE793CA41B8A08360B6 /* PluginGeocoder.m */ = {isa = PBXFileReference; name = "PluginGeocoder.m"; path = "cordova-plugin-googlemaps/PluginGeocoder.m"; sourceTree = "<group>"; fileEncoding = 4; lastKnownFileType = sourcecode.c.objc; explicitFileType = undefined; includeInIndex = 0; };
		1C76D57664364D1294F42268 /* Environment.m */ = {isa = PBXFileReference; name = "Environment.m"; path = "cordova-plugin-googlemaps/Environment.m"; sourceTree = "<group>"; fileEncoding = 4; lastKnownFileType = sourcecode.c.objc; explicitFileType = undefined; includeInIndex = 0; };
		2624DC9F7FAC416F853125E1 /* CordovaGoogleMaps.m */ = {isa = PBXFileReference; name = "CordovaGoogleMaps.m"; path = "cordova-plugin-googlemaps/CordovaGoogleMaps.m"; sourceTree = "<group>"; fileEncoding = 4; lastKnownFileType = sourcecode.c.objc; explicitFileType = undefined; includeInIndex = 0; };
		EFF3B69743DC416BB9FE643A /* GoogleMapsViewController.m */ = {isa = PBXFileReference; name = "GoogleMapsViewController.m"; path = "cordova-plugin-googlemaps/GoogleMapsViewController.m"; sourceTree = "<group>"; fileEncoding = 4; lastKnownFileType = sourcecode.c.objc; explicitFileType = undefined; includeInIndex = 0; };
		CB2FE6278B134EDCAADE980F /* PluginGroundOverlay.m */ = {isa = PBXFileReference; name = "PluginGroundOverlay.m"; path = "cordova-plugin-googlemaps/PluginGroundOverlay.m"; sourceTree = "<group>"; fileEncoding = 4; lastKnownFileType = sourcecode.c.objc; explicitFileType = undefined; includeInIndex = 0; };
		ECAFE0D479F14BAEA4D0B06C /* PluginKmlOverlay.m */ = {isa = PBXFileReference; name = "PluginKmlOverlay.m"; path = "cordova-plugin-googlemaps/PluginKmlOverlay.m"; sourceTree = "<group>"; fileEncoding = 4; lastKnownFileType = sourcecode.c.objc; explicitFileType = undefined; includeInIndex = 0; };
		D4EE741345FC4389A25C8A24 /* PluginMap.m */ = {isa = PBXFileReference; name = "PluginMap.m"; path = "cordova-plugin-googlemaps/PluginMap.m"; sourceTree = "<group>"; fileEncoding = 4; lastKnownFileType = sourcecode.c.objc; explicitFileType = undefined; includeInIndex = 0; };
		6CA635B28BE04AC7AB77C741 /* PluginMarker.m */ = {isa = PBXFileReference; name = "PluginMarker.m"; path = "cordova-plugin-googlemaps/PluginMarker.m"; sourceTree = "<group>"; fileEncoding = 4; lastKnownFileType = sourcecode.c.objc; explicitFileType = undefined; includeInIndex = 0; };
		1F93FA338CD140128DCE1D91 /* PluginUtil.m */ = {isa = PBXFileReference; name = "PluginUtil.m"; path = "cordova-plugin-googlemaps/PluginUtil.m"; sourceTree = "<group>"; fileEncoding = 4; lastKnownFileType = sourcecode.c.objc; explicitFileType = undefined; includeInIndex = 0; };
		12FBF4921DF743EBA4D49123 /* PluginPolygon.m */ = {isa = PBXFileReference; name = "PluginPolygon.m"; path = "cordova-plugin-googlemaps/PluginPolygon.m"; sourceTree = "<group>"; fileEncoding = 4; lastKnownFileType = sourcecode.c.objc; explicitFileType = undefined; includeInIndex = 0; };
		7BEECC7114EE424A93DD4E5F /* PluginPolyline.m */ = {isa = PBXFileReference; name = "PluginPolyline.m"; path = "cordova-plugin-googlemaps/PluginPolyline.m"; sourceTree = "<group>"; fileEncoding = 4; lastKnownFileType = sourcecode.c.objc; explicitFileType = undefined; includeInIndex = 0; };
		8F3E33B12B7341199DF132A7 /* PluginTileProvider.m */ = {isa = PBXFileReference; name = "PluginTileProvider.m"; path = "cordova-plugin-googlemaps/PluginTileProvider.m"; sourceTree = "<group>"; fileEncoding = 4; lastKnownFileType = sourcecode.c.objc; explicitFileType = undefined; includeInIndex = 0; };
		BCFCF8AEB8B14F438B35CAC0 /* TBXML.m */ = {isa = PBXFileReference; name = "TBXML.m"; path = "cordova-plugin-googlemaps/TBXML.m"; sourceTree = "<group>"; fileEncoding = 4; lastKnownFileType = sourcecode.c.objc; explicitFileType = undefined; includeInIndex = 0; };
		96E5F60C42B44D04A2EAEFAB /* PluginTileOverlay.m */ = {isa = PBXFileReference; name = "PluginTileOverlay.m"; path = "cordova-plugin-googlemaps/PluginTileOverlay.m"; sourceTree = "<group>"; fileEncoding = 4; lastKnownFileType = sourcecode.c.objc; explicitFileType = undefined; includeInIndex = 0; };
		DAA985F91C55492C9E4B89A8 /* NSData+Base64.m */ = {isa = PBXFileReference; name = "NSData+Base64.m"; path = "cordova-plugin-googlemaps/NSData+Base64.m"; sourceTree = "<group>"; fileEncoding = 4; lastKnownFileType = sourcecode.c.objc; explicitFileType = undefined; includeInIndex = 0; };
		E04746E4763F4E0BBE8CE047 /* GMSCoordinateBounds+Geometry.m */ = {isa = PBXFileReference; name = "GMSCoordinateBounds+Geometry.m"; path = "cordova-plugin-googlemaps/GMSCoordinateBounds+Geometry.m"; sourceTree = "<group>"; fileEncoding = 4; lastKnownFileType = sourcecode.c.objc; explicitFileType = undefined; includeInIndex = 0; };
		0CBB95A32B1B4B3FB2C08B98 /* MyPluginLayer.m */ = {isa = PBXFileReference; name = "MyPluginLayer.m"; path = "cordova-plugin-googlemaps/MyPluginLayer.m"; sourceTree = "<group>"; fileEncoding = 4; lastKnownFileType = sourcecode.c.objc; explicitFileType = undefined; includeInIndex = 0; };
		715793A929EC459B99AC3F47 /* MyPluginLayerDebugView.m */ = {isa = PBXFileReference; name = "MyPluginLayerDebugView.m"; path = "cordova-plugin-googlemaps/MyPluginLayerDebugView.m"; sourceTree = "<group>"; fileEncoding = 4; lastKnownFileType = sourcecode.c.objc; explicitFileType = undefined; includeInIndex = 0; };
		BBE09513937A438CBCFC22C6 /* MyPluginScrollView.m */ = {isa = PBXFileReference; name = "MyPluginScrollView.m"; path = "cordova-plugin-googlemaps/MyPluginScrollView.m"; sourceTree = "<group>"; fileEncoding = 4; lastKnownFileType = sourcecode.c.objc; explicitFileType = undefined; includeInIndex = 0; };
		520797B9AC8F4575B3D74FD7 /* PluginMarkerCluster.m */ = {isa = PBXFileReference; name = "PluginMarkerCluster.m"; path = "cordova-plugin-googlemaps/PluginMarkerCluster.m"; sourceTree = "<group>"; fileEncoding = 4; lastKnownFileType = sourcecode.c.objc; explicitFileType = undefined; includeInIndex = 0; };
		A8B4B00309A1471D9EFD8645 /* UIImageCache.m */ = {isa = PBXFileReference; name = "UIImageCache.m"; path = "cordova-plugin-googlemaps/UIImageCache.m"; sourceTree = "<group>"; fileEncoding = 4; lastKnownFileType = sourcecode.c.objc; explicitFileType = undefined; includeInIndex = 0; };
		4DA0DD6C8A644D5E8A695E61 /* PluginCircle.h */ = {isa = PBXFileReference; name = "PluginCircle.h"; path = "cordova-plugin-googlemaps/PluginCircle.h"; sourceTree = "<group>"; fileEncoding = 4; lastKnownFileType = sourcecode.c.h; explicitFileType = undefined; includeInIndex = 0; };
		6D7972BACCA54715A05536FD /* PluginGeocoder.h */ = {isa = PBXFileReference; name = "PluginGeocoder.h"; path = "cordova-plugin-googlemaps/PluginGeocoder.h"; sourceTree = "<group>"; fileEncoding = 4; lastKnownFileType = sourcecode.c.h; explicitFileType = undefined; includeInIndex = 0; };
		19A72BCC3422417A8DF6EA33 /* Environment.h */ = {isa = PBXFileReference; name = "Environment.h"; path = "cordova-plugin-googlemaps/Environment.h"; sourceTree = "<group>"; fileEncoding = 4; lastKnownFileType = sourcecode.c.h; explicitFileType = undefined; includeInIndex = 0; };
		B39413B2210E475886B34ABD /* CordovaGoogleMaps.h */ = {isa = PBXFileReference; name = "CordovaGoogleMaps.h"; path = "cordova-plugin-googlemaps/CordovaGoogleMaps.h"; sourceTree = "<group>"; fileEncoding = 4; lastKnownFileType = sourcecode.c.h; explicitFileType = undefined; includeInIndex = 0; };
		433EFA67C57A40779E036592 /* GoogleMapsViewController.h */ = {isa = PBXFileReference; name = "GoogleMapsViewController.h"; path = "cordova-plugin-googlemaps/GoogleMapsViewController.h"; sourceTree = "<group>"; fileEncoding = 4; lastKnownFileType = sourcecode.c.h; explicitFileType = undefined; includeInIndex = 0; };
		2F483701EBB44062A54A9AA4 /* PluginGroundOverlay.h */ = {isa = PBXFileReference; name = "PluginGroundOverlay.h"; path = "cordova-plugin-googlemaps/PluginGroundOverlay.h"; sourceTree = "<group>"; fileEncoding = 4; lastKnownFileType = sourcecode.c.h; explicitFileType = undefined; includeInIndex = 0; };
		855DFB6AB8B24C339DC4C9D5 /* PluginKmlOverlay.h */ = {isa = PBXFileReference; name = "PluginKmlOverlay.h"; path = "cordova-plugin-googlemaps/PluginKmlOverlay.h"; sourceTree = "<group>"; fileEncoding = 4; lastKnownFileType = sourcecode.c.h; explicitFileType = undefined; includeInIndex = 0; };
		3EDE2FA761574556813071BA /* PluginMap.h */ = {isa = PBXFileReference; name = "PluginMap.h"; path = "cordova-plugin-googlemaps/PluginMap.h"; sourceTree = "<group>"; fileEncoding = 4; lastKnownFileType = sourcecode.c.h; explicitFileType = undefined; includeInIndex = 0; };
		2009D257BBAB4597A37E537F /* PluginMarker.h */ = {isa = PBXFileReference; name = "PluginMarker.h"; path = "cordova-plugin-googlemaps/PluginMarker.h"; sourceTree = "<group>"; fileEncoding = 4; lastKnownFileType = sourcecode.c.h; explicitFileType = undefined; includeInIndex = 0; };
		645651093AF94C43BFE92F1E /* MyPlgunProtocol.h */ = {isa = PBXFileReference; name = "MyPlgunProtocol.h"; path = "cordova-plugin-googlemaps/MyPlgunProtocol.h"; sourceTree = "<group>"; fileEncoding = 4; lastKnownFileType = sourcecode.c.h; explicitFileType = undefined; includeInIndex = 0; };
		28BD5E67A4D34B728341255D /* PluginUtil.h */ = {isa = PBXFileReference; name = "PluginUtil.h"; path = "cordova-plugin-googlemaps/PluginUtil.h"; sourceTree = "<group>"; fileEncoding = 4; lastKnownFileType = sourcecode.c.h; explicitFileType = undefined; includeInIndex = 0; };
		994569FA3320433F9D02509C /* PluginPolygon.h */ = {isa = PBXFileReference; name = "PluginPolygon.h"; path = "cordova-plugin-googlemaps/PluginPolygon.h"; sourceTree = "<group>"; fileEncoding = 4; lastKnownFileType = sourcecode.c.h; explicitFileType = undefined; includeInIndex = 0; };
		78FBAF1D872948209B228EA0 /* PluginPolyline.h */ = {isa = PBXFileReference; name = "PluginPolyline.h"; path = "cordova-plugin-googlemaps/PluginPolyline.h"; sourceTree = "<group>"; fileEncoding = 4; lastKnownFileType = sourcecode.c.h; explicitFileType = undefined; includeInIndex = 0; };
		875369EF2FAB4CDE993A260B /* PluginTileProvider.h */ = {isa = PBXFileReference; name = "PluginTileProvider.h"; path = "cordova-plugin-googlemaps/PluginTileProvider.h"; sourceTree = "<group>"; fileEncoding = 4; lastKnownFileType = sourcecode.c.h; explicitFileType = undefined; includeInIndex = 0; };
		2727272BAF27433A96DBB0D2 /* TBXML.h */ = {isa = PBXFileReference; name = "TBXML.h"; path = "cordova-plugin-googlemaps/TBXML.h"; sourceTree = "<group>"; fileEncoding = 4; lastKnownFileType = sourcecode.c.h; explicitFileType = undefined; includeInIndex = 0; };
		8D3ABBC9C57F4B5C9108B707 /* PluginTileOverlay.h */ = {isa = PBXFileReference; name = "PluginTileOverlay.h"; path = "cordova-plugin-googlemaps/PluginTileOverlay.h"; sourceTree = "<group>"; fileEncoding = 4; lastKnownFileType = sourcecode.c.h; explicitFileType = undefined; includeInIndex = 0; };
		FB76E8609AC24A9CA56AA5A3 /* NSData+Base64.h */ = {isa = PBXFileReference; name = "NSData+Base64.h"; path = "cordova-plugin-googlemaps/NSData+Base64.h"; sourceTree = "<group>"; fileEncoding = 4; lastKnownFileType = sourcecode.c.h; explicitFileType = undefined; includeInIndex = 0; };
		4B8DA3CFB31444E799C5ED33 /* NSData+Base64.podspec */ = {isa = PBXFileReference; name = "NSData+Base64.podspec"; path = "cordova-plugin-googlemaps/NSData+Base64.podspec"; sourceTree = "<group>"; fileEncoding = undefined; lastKnownFileType = unknown; explicitFileType = undefined; includeInIndex = 0; };
		5EA6CC86BE244EEFA791F81E /* GMSCoordinateBounds+Geometry.h */ = {isa = PBXFileReference; name = "GMSCoordinateBounds+Geometry.h"; path = "cordova-plugin-googlemaps/GMSCoordinateBounds+Geometry.h"; sourceTree = "<group>"; fileEncoding = 4; lastKnownFileType = sourcecode.c.h; explicitFileType = undefined; includeInIndex = 0; };
		0495EBC714294C6186FD3D57 /* MyPluginLayer.h */ = {isa = PBXFileReference; name = "MyPluginLayer.h"; path = "cordova-plugin-googlemaps/MyPluginLayer.h"; sourceTree = "<group>"; fileEncoding = 4; lastKnownFileType = sourcecode.c.h; explicitFileType = undefined; includeInIndex = 0; };
		0FC57D8ED35746F8B4C9B2B7 /* MyPluginLayerDebugView.h */ = {isa = PBXFileReference; name = "MyPluginLayerDebugView.h"; path = "cordova-plugin-googlemaps/MyPluginLayerDebugView.h"; sourceTree = "<group>"; fileEncoding = 4; lastKnownFileType = sourcecode.c.h; explicitFileType = undefined; includeInIndex = 0; };
		CBE3D286E89F488CA133FE0C /* MyPluginScrollView.h */ = {isa = PBXFileReference; name = "MyPluginScrollView.h"; path = "cordova-plugin-googlemaps/MyPluginScrollView.h"; sourceTree = "<group>"; fileEncoding = 4; lastKnownFileType = sourcecode.c.h; explicitFileType = undefined; includeInIndex = 0; };
		5FFB73E5932045F9A979B2CB /* PluginMarkerCluster.h */ = {isa = PBXFileReference; name = "PluginMarkerCluster.h"; path = "cordova-plugin-googlemaps/PluginMarkerCluster.h"; sourceTree = "<group>"; fileEncoding = 4; lastKnownFileType = sourcecode.c.h; explicitFileType = undefined; includeInIndex = 0; };
		3A32905825744EE1800E416F /* UIImageCache.h */ = {isa = PBXFileReference; name = "UIImageCache.h"; path = "cordova-plugin-googlemaps/UIImageCache.h"; sourceTree = "<group>"; fileEncoding = 4; lastKnownFileType = sourcecode.c.h; explicitFileType = undefined; includeInIndex = 0; };
/* End PBXFileReference section */

/* Begin PBXFrameworksBuildPhase section */
		1D60588F0D05DD3D006BFB54 /* Frameworks */ = {
			isa = PBXFrameworksBuildPhase;
			buildActionMask = 2147483647;
			files = (
				301BF552109A68D80062928A /* libCordova.a in Frameworks */,
				D7A126630F044CEEAFEB5676 /* WebKit.framework in Frameworks */,
				70D41A1F8D904B6DBE6E0321 /* libz.tbd in Frameworks */,
				880D6689F83A4FA39FAE3FB5 /* Security.framework in Frameworks */,
				52F1041434AB485E8EB0B3FF /* SystemConfiguration.framework in Frameworks */,
				2CFA57DD993B43A7A6BEED3C /* CoreLocation.framework in Frameworks */,
				27FC2A1A52C44FC9A5BE006D /* Accelerate.framework in Frameworks */,
				E5C5CC475DF74ECD96649867 /* CoreData.framework in Frameworks */,
				8B2875756CC54480A3DC9305 /* CoreTelephony.framework in Frameworks */,
				16F113F6BC874D3191187212 /* CoreText.framework in Frameworks */,
				7213AE6E4C704ADB94FDCFBA /* GLKit.framework in Frameworks */,
				1E28963EF48342E5A7A1E7CA /* ImageIO.framework in Frameworks */,
				DC56A6BEDC8D45AEA9F9E8D0 /* libc++.tbd in Frameworks */,
				E6B9CBDAD85641F6A08D0964 /* OpenGLES.framework in Frameworks */,
				3B0565372D844F688A5F96EB /* QuartzCore.framework in Frameworks */,
				8F7399A4D81A410580A3BAE4 /* UIKit.framework in Frameworks */,
				4A1749B549D3422D9F45EA65 /* GoogleMapsBase.framework in Frameworks */,
				B6EC6B9F22D94E39B5CCE2E7 /* GoogleMaps.framework in Frameworks */,
				8B435D585A394F7CA38C2E7B /* GoogleMapsCore.framework in Frameworks */,
			);
			runOnlyForDeploymentPostprocessing = 0;
		};
/* End PBXFrameworksBuildPhase section */

/* Begin PBXGroup section */
		080E96DDFE201D6D7F000001 /* Classes */ = {
			isa = PBXGroup;
			children = (
				302D95EE14D2391D003F00A1 /* MainViewController.h */,
				302D95EF14D2391D003F00A1 /* MainViewController.m */,
				302D95F014D2391D003F00A1 /* MainViewController.xib */,
				1D3623240D0F684500981E51 /* AppDelegate.h */,
				1D3623250D0F684500981E51 /* AppDelegate.m */,
			);
			name = Classes;
			path = "buy-material/Classes";
			sourceTree = SOURCE_ROOT;
		};
		19C28FACFE9D520D11CA2CBB /* Products */ = {
			isa = PBXGroup;
			children = (
				1D6058910D05DD3D006BFB54 /* buy-material.app */,
			);
			name = Products;
			sourceTree = "<group>";
		};
		29B97314FDCFA39411CA2CEA /* CustomTemplate */ = {
			isa = PBXGroup;
			children = (
				EB87FDF41871DAF40020F90C /* config.xml */,
				EB87FDF31871DA8E0020F90C /* www */,
				EB87FDF11871DA420020F90C /* Staging */,
				301BF52D109A57CC0062928A /* CordovaLib/CordovaLib.xcodeproj */,
				080E96DDFE201D6D7F000001 /* Classes */,
				307C750510C5A3420062BCA9 /* Plugins */,
				29B97315FDCFA39411CA2CEA /* Other Sources */,
				29B97317FDCFA39411CA2CEA /* Resources */,
				29B97323FDCFA39411CA2CEA /* Frameworks */,
				19C28FACFE9D520D11CA2CBB /* Products */,
			);
			name = CustomTemplate;
			sourceTree = "<group>";
		};
		29B97315FDCFA39411CA2CEA /* Other Sources */ = {
			isa = PBXGroup;
			children = (
				32CA4F630368D1EE00C91783 /* buy-material-Prefix.pch */,
				29B97316FDCFA39411CA2CEA /* main.m */,
				ED33DF2A687741AEAF9F8254 /* Bridging-Header.h */,
			);
			name = "Other Sources";
			path = "buy-material";
			sourceTree = "<group>";
		};
		29B97317FDCFA39411CA2CEA /* Resources */ = {
			isa = PBXGroup;
			children = (
				0207DA571B56EA530066E2B4 /* Images.xcassets */,
				3047A50E1AB8057F00498E2A /* config */,
				8D1107310486CEB800E47090 /* buy-material-Info.plist */,
				6AFF5BF81D6E424B00AB3073 /* CDVLaunchScreen.storyboard */,
				24F01BB4E78A427193BAECC4 /* GoogleMaps.bundle */,
			);
			name = Resources;
			path = "buy-material/Resources";
			sourceTree = "<group>";
		};
		29B97323FDCFA39411CA2CEA /* Frameworks */ = {
			isa = PBXGroup;
			children = (
				FED1CF9C1D364290B1266068 /* WebKit.framework */,
				20D637A777094B2FAF49EF2E /* libz.tbd */,
				B1D6BE58CEA94FD18DE1FDB1 /* Security.framework */,
				02FBA490E3804F779D7671F0 /* SystemConfiguration.framework */,
				BC4587D6671B4A9D9D3C4758 /* CoreLocation.framework */,
				2C679212F4634A369B9B1575 /* Accelerate.framework */,
				7E4766B688D142D285271480 /* CoreData.framework */,
				1941F8DE6D5541DA9F468C5C /* CoreTelephony.framework */,
				0DD82688006A49B2BA5E4EAD /* CoreText.framework */,
				E9337E2A91B14A688869F2F2 /* GLKit.framework */,
				636027B82C4340149AAD1546 /* ImageIO.framework */,
				A1306368EA244AACB791F01A /* libc++.tbd */,
				321C8DEC05CB479982727BFF /* OpenGLES.framework */,
				2D02F28FC6884669B215F013 /* QuartzCore.framework */,
				557DC9A1724D4AB0BA6A95EC /* UIKit.framework */,
				3F2FA59C1AAB4844AAD3D51F /* GoogleMapsBase.framework */,
				D5A8921617A742AFA4D6144A /* GoogleMaps.framework */,
				4A139B6599DC4EB0868135E4 /* GoogleMapsCore.framework */,
			);
			name = Frameworks;
			sourceTree = "<group>";
		};
		301BF52E109A57CC0062928A /* Products */ = {
			isa = PBXGroup;
			children = (
				301BF535109A57CC0062928A /* libCordova.a */,
				DDD7B7F81FE4E70D000DA008 /* Cordova.framework */,
			);
			name = Products;
			sourceTree = "<group>";
		};
		3047A50E1AB8057F00498E2A /* config */ = {
			isa = PBXGroup;
			children = (
				3047A50F1AB8059700498E2A /* build-debug.xcconfig */,
				3047A5101AB8059700498E2A /* build-release.xcconfig */,
				3047A5111AB8059700498E2A /* build.xcconfig */,
			);
			name = config;
			sourceTree = "<group>";
		};
		307C750510C5A3420062BCA9 /* Plugins */ = {
			isa = PBXGroup;
			children = (
				9442A089487D4219A627E87B /* IonicKeyboard.m */,
				F32805549A5541469F5D9336 /* IonicKeyboard.h */,
				D69F564BA7D34543BCE2D669 /* CDVDevice.m */,
				FFC7413B6B324A3AA7926942 /* CDVDevice.h */,
				CD55DA30258E4BDDA7DF38DF /* CDVSplashScreen.m */,
				884470820ADF4217BA4B3D8B /* CDVViewController+SplashScreen.m */,
				1B47A1E1461D448ABE66F899 /* CDVSplashScreen.h */,
				241C1BFCD53B4CC7A47D1522 /* CDVViewController+SplashScreen.h */,
				786CD1B33B3B413DBDA3E2F9 /* CDVWKWebViewEngine.m */,
				47EF5252C1EB4BE491FAAD14 /* CDVWKWebViewUIDelegate.m */,
				47E4472F27524640B80EE6A4 /* CDVWKProcessPoolFactory.m */,
				23D4C1BC08B041BC92C0C0E4 /* GCDWebServer.m */,
				69AAEB5AC36047289053BD04 /* GCDWebServerConnection.m */,
				E862F3E98D0B4FE6AF699E7D /* GCDWebServerFunctions.m */,
				E1E555C4BBC14409BE1775AE /* GCDWebServerRequest.m */,
				1080EAD3ECA14817870A7011 /* GCDWebServerResponse.m */,
				6B0306FB09514507A27677D2 /* GCDWebServerDataRequest.m */,
				80DF74D7A2AC4EDC8F183831 /* GCDWebServerFileRequest.m */,
				A343AEED848444E8B1B58C8E /* GCDWebServerMultiPartFormRequest.m */,
				96FC65D4EA1847819A4A1D22 /* GCDWebServerURLEncodedFormRequest.m */,
				083B0A4E48F54F81A1264506 /* GCDWebServerDataResponse.m */,
				C92779C93156490A95815914 /* GCDWebServerErrorResponse.m */,
				D08196A07E33422899420583 /* GCDWebServerFileResponse.m */,
				3787B260B7E04170988CF348 /* GCDWebServerStreamedResponse.m */,
				1ABA7ABD7DA94E09B0F97849 /* CDVWKWebViewEngine.h */,
				608053AB061A4ACFBD6ECAA5 /* CDVWKWebViewUIDelegate.h */,
				AF8254AD42D84E37ADEB0D4D /* CDVWKProcessPoolFactory.h */,
				BA9727F8869140F193B4BA06 /* GCDWebServer.h */,
				6733D98E7CC34B81A4B2337C /* GCDWebServerConnection.h */,
				22BE496B0E8448C7B269C6F8 /* GCDWebServerFunctions.h */,
				1B2FE6EA68DD44FBBC27ADDD /* GCDWebServerHTTPStatusCodes.h */,
				3430FA8A1436476A8BB26499 /* GCDWebServerPrivate.h */,
				BF22AD1098494BEC93C2E38D /* GCDWebServerRequest.h */,
				881F0CB143F746A88A2E73D0 /* GCDWebServerResponse.h */,
				76CDD2BC948D4C169E73D3A9 /* GCDWebServerDataRequest.h */,
				A12B1D9A0B174083AC7BF317 /* GCDWebServerFileRequest.h */,
				E73E13B925654DDDA5600DB7 /* GCDWebServerMultiPartFormRequest.h */,
				0E0A30A6E1104C23AD5A7A46 /* GCDWebServerURLEncodedFormRequest.h */,
				CFC6D4055CFF49AE891127E2 /* GCDWebServerDataResponse.h */,
				04D4AE0D285C4BB89D296FF2 /* GCDWebServerErrorResponse.h */,
				E259187EDA3C4CF7BF087A90 /* GCDWebServerFileResponse.h */,
				F69ED26CA36743B382DDD06A /* GCDWebServerStreamedResponse.h */,
				87432C84C39A472683D61906 /* CDVStatusBar.m */,
				7758B2288CCE4AB48DB0664F /* CDVStatusBar.h */,
				FCEB09730A344AA4AFB275AD /* QRScanner.swift */,
				5A27A2277696475085EEB753 /* CDVFile.m */,
				1953AECACB4A4671BE9CA337 /* CDVLocalFilesystem.m */,
				E005EADF089C4A628F156A6F /* CDVAssetLibraryFilesystem.m */,
				B05ADB8F29DC417B8FE1E5BE /* CDVFile.h */,
				0F08532EDBB04458B320FEE9 /* CDVLocalFilesystem.h */,
				AD430BAC94DB4B9290818994 /* CDVAssetLibraryFilesystem.h */,
				88EAE8E4E2CA4D138CC59173 /* CordovaHttpPlugin.m */,
				F7754E0550F24C718C84CF06 /* TextResponseSerializer.m */,
				37D14A2AD9374B3291ACEF17 /* AFHTTPSessionManager.m */,
				0FF2BB13A14344BAA5855613 /* AFNetworkReachabilityManager.m */,
				A58D7647C02C44CE9B37823F /* AFSecurityPolicy.m */,
				2A7FAEBEEAA44055BCBA3F51 /* AFURLRequestSerialization.m */,
				851695026B504FF4A86FCEFD /* AFURLResponseSerialization.m */,
				55768770FC6144098E537CF4 /* AFURLSessionManager.m */,
				6D29A225573445E3A21BAFDC /* CordovaHttpPlugin.h */,
				ADE4B6652D994854A8AFFEE6 /* TextResponseSerializer.h */,
				E7F2482252284711ADF76CC5 /* AFHTTPSessionManager.h */,
				D87206DF95D84D77A1B5A53D /* AFNetworking.h */,
				082E72D91E084994A7496B37 /* AFNetworkReachabilityManager.h */,
				151A5D284BE245ADADF090A3 /* AFSecurityPolicy.h */,
				CDE6467BEB1E43F380403142 /* AFURLRequestSerialization.h */,
				021C5884B034403B95DDFFDB /* AFURLResponseSerialization.h */,
				07EF50CAE11649D4A5C39236 /* AFURLSessionManager.h */,
				952CCC58E3AD48998206A599 /* CDVLocation.m */,
				EEC60030082C459C978AD037 /* CDVLocation.h */,
				76D2326FD8F04274B21D9238 /* PluginCircle.m */,
				17A7ACE793CA41B8A08360B6 /* PluginGeocoder.m */,
				1C76D57664364D1294F42268 /* Environment.m */,
				2624DC9F7FAC416F853125E1 /* CordovaGoogleMaps.m */,
				EFF3B69743DC416BB9FE643A /* GoogleMapsViewController.m */,
				CB2FE6278B134EDCAADE980F /* PluginGroundOverlay.m */,
				ECAFE0D479F14BAEA4D0B06C /* PluginKmlOverlay.m */,
				D4EE741345FC4389A25C8A24 /* PluginMap.m */,
				6CA635B28BE04AC7AB77C741 /* PluginMarker.m */,
				1F93FA338CD140128DCE1D91 /* PluginUtil.m */,
				12FBF4921DF743EBA4D49123 /* PluginPolygon.m */,
				7BEECC7114EE424A93DD4E5F /* PluginPolyline.m */,
				8F3E33B12B7341199DF132A7 /* PluginTileProvider.m */,
				BCFCF8AEB8B14F438B35CAC0 /* TBXML.m */,
				96E5F60C42B44D04A2EAEFAB /* PluginTileOverlay.m */,
				DAA985F91C55492C9E4B89A8 /* NSData+Base64.m */,
				E04746E4763F4E0BBE8CE047 /* GMSCoordinateBounds+Geometry.m */,
				0CBB95A32B1B4B3FB2C08B98 /* MyPluginLayer.m */,
				715793A929EC459B99AC3F47 /* MyPluginLayerDebugView.m */,
				BBE09513937A438CBCFC22C6 /* MyPluginScrollView.m */,
				520797B9AC8F4575B3D74FD7 /* PluginMarkerCluster.m */,
				A8B4B00309A1471D9EFD8645 /* UIImageCache.m */,
				4DA0DD6C8A644D5E8A695E61 /* PluginCircle.h */,
				6D7972BACCA54715A05536FD /* PluginGeocoder.h */,
				19A72BCC3422417A8DF6EA33 /* Environment.h */,
				B39413B2210E475886B34ABD /* CordovaGoogleMaps.h */,
				433EFA67C57A40779E036592 /* GoogleMapsViewController.h */,
				2F483701EBB44062A54A9AA4 /* PluginGroundOverlay.h */,
				855DFB6AB8B24C339DC4C9D5 /* PluginKmlOverlay.h */,
				3EDE2FA761574556813071BA /* PluginMap.h */,
				2009D257BBAB4597A37E537F /* PluginMarker.h */,
				645651093AF94C43BFE92F1E /* MyPlgunProtocol.h */,
				28BD5E67A4D34B728341255D /* PluginUtil.h */,
				994569FA3320433F9D02509C /* PluginPolygon.h */,
				78FBAF1D872948209B228EA0 /* PluginPolyline.h */,
				875369EF2FAB4CDE993A260B /* PluginTileProvider.h */,
				2727272BAF27433A96DBB0D2 /* TBXML.h */,
				8D3ABBC9C57F4B5C9108B707 /* PluginTileOverlay.h */,
				FB76E8609AC24A9CA56AA5A3 /* NSData+Base64.h */,
				4B8DA3CFB31444E799C5ED33 /* NSData+Base64.podspec */,
				5EA6CC86BE244EEFA791F81E /* GMSCoordinateBounds+Geometry.h */,
				0495EBC714294C6186FD3D57 /* MyPluginLayer.h */,
				0FC57D8ED35746F8B4C9B2B7 /* MyPluginLayerDebugView.h */,
				CBE3D286E89F488CA133FE0C /* MyPluginScrollView.h */,
				5FFB73E5932045F9A979B2CB /* PluginMarkerCluster.h */,
				3A32905825744EE1800E416F /* UIImageCache.h */,
			);
			name = Plugins;
			path = "buy-material/Plugins";
			sourceTree = SOURCE_ROOT;
		};
		EB87FDF11871DA420020F90C /* Staging */ = {
			isa = PBXGroup;
			children = (
				F840E1F0165FE0F500CFE078 /* config.xml */,
				301BF56E109A69640062928A /* www */,
			);
			name = Staging;
			sourceTree = "<group>";
		};
/* End PBXGroup section */

/* Begin PBXNativeTarget section */
		1D6058900D05DD3D006BFB54 /* buy-material */ = {
			isa = PBXNativeTarget;
			buildConfigurationList = 1D6058960D05DD3E006BFB54 /* Build configuration list for PBXNativeTarget "buy-material" */;
			buildPhases = (
				304B58A110DAC018002A0835 /* Copy www directory */,
				1D60588D0D05DD3D006BFB54 /* Resources */,
				1D60588E0D05DD3D006BFB54 /* Sources */,
				1D60588F0D05DD3D006BFB54 /* Frameworks */,
			);
			buildRules = (
			);
			dependencies = (
				301BF551109A68C00062928A /* PBXTargetDependency */,
			);
			name = "buy-material";
			productName = "buy-material";
			productReference = 1D6058910D05DD3D006BFB54 /* buy-material.app */;
			productType = "com.apple.product-type.application";
		};
/* End PBXNativeTarget section */

/* Begin PBXProject section */
		29B97313FDCFA39411CA2CEA /* Project object */ = {
			isa = PBXProject;
			attributes = {
				LastUpgradeCheck = 920;
				TargetAttributes = {
					1D6058900D05DD3D006BFB54 = {
						DevelopmentTeam = H32V4793XC;
						ProvisioningStyle = Automatic;
						SystemCapabilities = {
							com.apple.BackgroundModes = {
								enabled = 1;
							};
							com.apple.Maps.iOS = {
								enabled = 0;
							};
						};
					};
				};
			};
			buildConfigurationList = C01FCF4E08A954540054247B /* Build configuration list for PBXProject "buy-material" */;
			compatibilityVersion = "Xcode 3.2";
			developmentRegion = English;
			hasScannedForEncodings = 1;
			knownRegions = (
				en,
			);
			mainGroup = 29B97314FDCFA39411CA2CEA /* CustomTemplate */;
			projectDirPath = "";
			projectReferences = (
				{
					ProductGroup = 301BF52E109A57CC0062928A /* Products */;
					ProjectRef = 301BF52D109A57CC0062928A /* CordovaLib/CordovaLib.xcodeproj */;
				},
			);
			projectRoot = "";
			targets = (
				1D6058900D05DD3D006BFB54 /* buy-material */,
			);
		};
/* End PBXProject section */

/* Begin PBXReferenceProxy section */
		301BF535109A57CC0062928A /* libCordova.a */ = {
			isa = PBXReferenceProxy;
			fileType = archive.ar;
			path = libCordova.a;
			remoteRef = 301BF534109A57CC0062928A /* PBXContainerItemProxy */;
			sourceTree = BUILT_PRODUCTS_DIR;
		};
		DDD7B7F81FE4E70D000DA008 /* Cordova.framework */ = {
			isa = PBXReferenceProxy;
			fileType = wrapper.framework;
			path = Cordova.framework;
			remoteRef = DDD7B7F71FE4E70D000DA008 /* PBXContainerItemProxy */;
			sourceTree = BUILT_PRODUCTS_DIR;
		};
/* End PBXReferenceProxy section */

/* Begin PBXResourcesBuildPhase section */
		1D60588D0D05DD3D006BFB54 /* Resources */ = {
			isa = PBXResourcesBuildPhase;
			buildActionMask = 2147483647;
			files = (
				302D95F214D2391D003F00A1 /* MainViewController.xib in Resources */,
				0207DA581B56EA530066E2B4 /* Images.xcassets in Resources */,
				6AFF5BF91D6E424B00AB3073 /* CDVLaunchScreen.storyboard in Resources */,
				F30BC806DC514186BC8CBC18 /* GoogleMaps.bundle in Resources */,
			);
			runOnlyForDeploymentPostprocessing = 0;
		};
/* End PBXResourcesBuildPhase section */

/* Begin PBXShellScriptBuildPhase section */
		304B58A110DAC018002A0835 /* Copy www directory */ = {
			isa = PBXShellScriptBuildPhase;
			buildActionMask = 2147483647;
			files = (
			);
			inputPaths = (
			);
			name = "Copy www directory";
			outputPaths = (
			);
			runOnlyForDeploymentPostprocessing = 0;
			shellPath = /bin/sh;
			shellScript = "NODEJS_PATH=/usr/local/bin; NVM_NODE_PATH=~/.nvm/versions/node/`nvm version 2>/dev/null`/bin; N_NODE_PATH=`find /usr/local/n/versions/node/* -maxdepth 0 -type d 2>/dev/null | tail -1`/bin; XCODE_NODE_PATH=`xcode-select --print-path`/usr/share/xcs/Node/bin; PATH=$NODEJS_PATH:$NVM_NODE_PATH:$N_NODE_PATH:$XCODE_NODE_PATH:$PATH && node cordova/lib/copy-www-build-step.js";
			showEnvVarsInLog = 0;
		};
/* End PBXShellScriptBuildPhase section */

/* Begin PBXSourcesBuildPhase section */
		1D60588E0D05DD3D006BFB54 /* Sources */ = {
			isa = PBXSourcesBuildPhase;
			buildActionMask = 2147483647;
			files = (
				1D60589B0D05DD56006BFB54 /* main.m in Sources */,
				1D3623260D0F684500981E51 /* AppDelegate.m in Sources */,
				302D95F114D2391D003F00A1 /* MainViewController.m in Sources */,
				A6C83CCD89694463AE4FC654 /* IonicKeyboard.m in Sources */,
				A456E27B39D441AA8778CF19 /* CDVDevice.m in Sources */,
				4CEA945798284B8A8428688C /* CDVSplashScreen.m in Sources */,
				9D55B7296F694ADA9E8393CC /* CDVViewController+SplashScreen.m in Sources */,
				B89096ECE7034EAD826B9431 /* CDVWKWebViewEngine.m in Sources */,
				9F795665CB9F4BB59972880F /* CDVWKWebViewUIDelegate.m in Sources */,
				0CE63DAE346D4CF6B957447F /* CDVWKProcessPoolFactory.m in Sources */,
				FA37BA3B4B1D48618092B89E /* GCDWebServer.m in Sources */,
				04DEEFA288F14D809785D5D5 /* GCDWebServerConnection.m in Sources */,
				AC9CBD50C830420388EC43FF /* GCDWebServerFunctions.m in Sources */,
				DF8B8DF213174D848569CE9D /* GCDWebServerRequest.m in Sources */,
				1108A2A854A14279AB4E3459 /* GCDWebServerResponse.m in Sources */,
				0FB99D7B1A02482A817DC6B4 /* GCDWebServerDataRequest.m in Sources */,
				49960B11363E4207A8911D50 /* GCDWebServerFileRequest.m in Sources */,
				98EE5D722E9C4E2F8BF6645D /* GCDWebServerMultiPartFormRequest.m in Sources */,
				74E53F674D2B4161862374E7 /* GCDWebServerURLEncodedFormRequest.m in Sources */,
				F2236DA7CC7C40878582498C /* GCDWebServerDataResponse.m in Sources */,
				84CF110586A34F75A5E1BC4E /* GCDWebServerErrorResponse.m in Sources */,
				5F3CCD0792934FCDB6D20768 /* GCDWebServerFileResponse.m in Sources */,
				01049DC3141E4FF38337FC6E /* GCDWebServerStreamedResponse.m in Sources */,
				64CD09DF7E594F60B7EAF3AE /* CDVStatusBar.m in Sources */,
				EC506D1CCE144BDEB1261F71 /* QRScanner.swift in Sources */,
				548C66CE809D4F5BB957B4F7 /* CDVFile.m in Sources */,
				C26C69DCD62D4FFFBC6C85E0 /* CDVLocalFilesystem.m in Sources */,
				828CE4EA75914151A879207A /* CDVAssetLibraryFilesystem.m in Sources */,
				308E4038534D4CB9A0854864 /* CordovaHttpPlugin.m in Sources */,
				97B0C04795FF4E50934ED454 /* TextResponseSerializer.m in Sources */,
				2C617236DC344A3ABCAF49C7 /* AFHTTPSessionManager.m in Sources */,
				546F17F1C8EE4E9ABE303701 /* AFNetworkReachabilityManager.m in Sources */,
				EDA57E5628BA404BADCBDB7F /* AFSecurityPolicy.m in Sources */,
				7BFA3EBA92C64861ACB6396B /* AFURLRequestSerialization.m in Sources */,
				BA84EFFEDC734F14B3942C35 /* AFURLResponseSerialization.m in Sources */,
				70DD70A630C24E9383CD721E /* AFURLSessionManager.m in Sources */,
				EE1123E9295E462DB6A8C861 /* CDVLocation.m in Sources */,
				F1EBE00674EE4B0780A490E1 /* PluginCircle.m in Sources */,
				9567706349304E0E9CB97CB5 /* PluginGeocoder.m in Sources */,
				F1E0986BBD0849DB9A1E0B61 /* Environment.m in Sources */,
				A5A4E99976CF476BAFF3106A /* CordovaGoogleMaps.m in Sources */,
				E416832DB5884AFE90E3ABB8 /* GoogleMapsViewController.m in Sources */,
				10ABEDA16E4944E091EAE848 /* PluginGroundOverlay.m in Sources */,
				B7BFD77F5CA443CDBC4C2D15 /* PluginKmlOverlay.m in Sources */,
				3B21CE846F5B4C1983B4258B /* PluginMap.m in Sources */,
				78B9B374AF204C7DA610497C /* PluginMarker.m in Sources */,
				3515B9B0D6D14441A02E1481 /* PluginUtil.m in Sources */,
				6960DA5F86E94279811F21E4 /* PluginPolygon.m in Sources */,
				BCD040D513834B52838823B4 /* PluginPolyline.m in Sources */,
				A56511D3EACD4F1CB6D2C748 /* PluginTileProvider.m in Sources */,
				9179BD5F2F6F46D7BD0B40EF /* TBXML.m in Sources */,
				9FD1E50AF0794FD09E42A057 /* PluginTileOverlay.m in Sources */,
				4D424C1520E34799833BAC4C /* NSData+Base64.m in Sources */,
				22D9AD6FE2C549139105AB80 /* GMSCoordinateBounds+Geometry.m in Sources */,
				21FE23C0AAEF4EF7AFE0AFD4 /* MyPluginLayer.m in Sources */,
				E759355A3BB74B26975758C6 /* MyPluginLayerDebugView.m in Sources */,
				6D59D09E3EE84D08B4DFE458 /* MyPluginScrollView.m in Sources */,
				BC45D41DF2144687A4EA7D19 /* PluginMarkerCluster.m in Sources */,
				09B48E6A0826449FA9341FFF /* UIImageCache.m in Sources */,
			);
			runOnlyForDeploymentPostprocessing = 0;
		};
/* End PBXSourcesBuildPhase section */

/* Begin PBXTargetDependency section */
		301BF551109A68C00062928A /* PBXTargetDependency */ = {
			isa = PBXTargetDependency;
			name = CordovaLib;
			targetProxy = 301BF550109A68C00062928A /* PBXContainerItemProxy */;
		};
/* End PBXTargetDependency section */

/* Begin XCBuildConfiguration section */
		1D6058940D05DD3E006BFB54 /* Debug */ = {
			isa = XCBuildConfiguration;
			baseConfigurationReference = 3047A50F1AB8059700498E2A /* build-debug.xcconfig */;
			buildSettings = {
				ALWAYS_EMBED_SWIFT_STANDARD_LIBRARIES = YES;
				ALWAYS_SEARCH_USER_PATHS = NO;
				ASSETCATALOG_COMPILER_APPICON_NAME = AppIcon;
				ASSETCATALOG_COMPILER_LAUNCHIMAGE_NAME = LaunchImage;
				CLANG_ENABLE_MODULES = YES;
				CLANG_ENABLE_OBJC_ARC = YES;
				CODE_SIGN_IDENTITY = "iPhone Developer";
				"CODE_SIGN_IDENTITY[sdk=iphoneos*]" = "iPhone Developer";
				CODE_SIGN_STYLE = Automatic;
				COPY_PHASE_STRIP = NO;
				DEVELOPMENT_TEAM = H32V4793XC;
				GCC_DYNAMIC_NO_PIC = NO;
				GCC_OPTIMIZATION_LEVEL = 0;
				GCC_PRECOMPILE_PREFIX_HEADER = YES;
				GCC_PREFIX_HEADER = "buy-material/buy-material-Prefix.pch";
				GCC_THUMB_SUPPORT = NO;
				GCC_VERSION = "";
				INFOPLIST_FILE = "buy-material/buy-material-Info.plist";
				IPHONEOS_DEPLOYMENT_TARGET = 9.0;
				LD_RUNPATH_SEARCH_PATHS = "@executable_path/Frameworks";
				PRODUCT_BUNDLE_IDENTIFIER = com.802.material;
				PRODUCT_NAME = "buy-material";
				PROVISIONING_PROFILE_SPECIFIER = "";
				SWIFT_OBJC_BRIDGING_HEADER = "$(PROJECT_DIR)/$(PROJECT_NAME)/Bridging-Header.h";
				SWIFT_VERSION = 3.0;
				TARGETED_DEVICE_FAMILY = "1,2";
				FRAMEWORK_SEARCH_PATHS = (
					"$(inherited)",
					"\"buy-material/Plugins/com.googlemaps.ios\"",
					"\"buy-material/Plugins/com.googlemaps.ios\"",
					"\"buy-material/Plugins/com.googlemaps.ios\"",
				);
			};
			name = Debug;
		};
		1D6058950D05DD3E006BFB54 /* Release */ = {
			isa = XCBuildConfiguration;
			baseConfigurationReference = 3047A5101AB8059700498E2A /* build-release.xcconfig */;
			buildSettings = {
				ALWAYS_EMBED_SWIFT_STANDARD_LIBRARIES = YES;
				ALWAYS_SEARCH_USER_PATHS = NO;
				ASSETCATALOG_COMPILER_APPICON_NAME = AppIcon;
				ASSETCATALOG_COMPILER_LAUNCHIMAGE_NAME = LaunchImage;
				CLANG_ENABLE_MODULES = YES;
				CLANG_ENABLE_OBJC_ARC = YES;
				CODE_SIGN_IDENTITY = "iPhone Developer";
				"CODE_SIGN_IDENTITY[sdk=iphoneos*]" = "iPhone Developer";
				CODE_SIGN_STYLE = Automatic;
				COPY_PHASE_STRIP = YES;
				DEVELOPMENT_TEAM = H32V4793XC;
				GCC_PRECOMPILE_PREFIX_HEADER = YES;
				GCC_PREFIX_HEADER = "buy-material/buy-material-Prefix.pch";
				GCC_THUMB_SUPPORT = NO;
				GCC_VERSION = "";
				INFOPLIST_FILE = "buy-material/buy-material-Info.plist";
				IPHONEOS_DEPLOYMENT_TARGET = 9.0;
				LD_RUNPATH_SEARCH_PATHS = "@executable_path/Frameworks";
				PRODUCT_BUNDLE_IDENTIFIER = com.802.material;
				PRODUCT_NAME = "buy-material";
				PROVISIONING_PROFILE_SPECIFIER = "";
				SWIFT_OBJC_BRIDGING_HEADER = "$(PROJECT_DIR)/$(PROJECT_NAME)/Bridging-Header.h";
				SWIFT_VERSION = 3.0;
				TARGETED_DEVICE_FAMILY = "1,2";
				FRAMEWORK_SEARCH_PATHS = (
					"$(inherited)",
					"\"buy-material/Plugins/com.googlemaps.ios\"",
					"\"buy-material/Plugins/com.googlemaps.ios\"",
					"\"buy-material/Plugins/com.googlemaps.ios\"",
				);
			};
			name = Release;
		};
		C01FCF4F08A954540054247B /* Debug */ = {
			isa = XCBuildConfiguration;
			baseConfigurationReference = 3047A5111AB8059700498E2A /* build.xcconfig */;
			buildSettings = {
				ALWAYS_EMBED_SWIFT_STANDARD_LIBRARIES = YES;
				CLANG_ENABLE_MODULES = YES;
				CLANG_ENABLE_OBJC_ARC = YES;
				CLANG_WARN_BLOCK_CAPTURE_AUTORELEASING = YES;
				CLANG_WARN_BOOL_CONVERSION = YES;
				CLANG_WARN_COMMA = YES;
				CLANG_WARN_CONSTANT_CONVERSION = YES;
				CLANG_WARN_EMPTY_BODY = YES;
				CLANG_WARN_ENUM_CONVERSION = YES;
				CLANG_WARN_INFINITE_RECURSION = YES;
				CLANG_WARN_INT_CONVERSION = YES;
				CLANG_WARN_NON_LITERAL_NULL_CONVERSION = YES;
				CLANG_WARN_OBJC_LITERAL_CONVERSION = YES;
				CLANG_WARN_RANGE_LOOP_ANALYSIS = YES;
				CLANG_WARN_STRICT_PROTOTYPES = YES;
				CLANG_WARN_SUSPICIOUS_MOVE = YES;
				CLANG_WARN_UNREACHABLE_CODE = YES;
				CLANG_WARN__DUPLICATE_METHOD_MATCH = YES;
				ENABLE_STRICT_OBJC_MSGSEND = YES;
				ENABLE_TESTABILITY = YES;
				GCC_C_LANGUAGE_STANDARD = c99;
				GCC_NO_COMMON_BLOCKS = YES;
				GCC_THUMB_SUPPORT = NO;
				GCC_VERSION = "";
				GCC_WARN_64_TO_32_BIT_CONVERSION = YES;
				GCC_WARN_ABOUT_RETURN_TYPE = YES;
				GCC_WARN_UNDECLARED_SELECTOR = YES;
				GCC_WARN_UNINITIALIZED_AUTOS = YES;
				GCC_WARN_UNUSED_FUNCTION = YES;
				GCC_WARN_UNUSED_VARIABLE = YES;
				ONLY_ACTIVE_ARCH = YES;
				SDKROOT = iphoneos;
				SKIP_INSTALL = NO;
				SWIFT_OBJC_BRIDGING_HEADER = "$(PROJECT_DIR)/$(PROJECT_NAME)/Bridging-Header.h";
				SWIFT_VERSION = 3.0;
			};
			name = Debug;
		};
		C01FCF5008A954540054247B /* Release */ = {
			isa = XCBuildConfiguration;
			baseConfigurationReference = 3047A5111AB8059700498E2A /* build.xcconfig */;
			buildSettings = {
				ALWAYS_EMBED_SWIFT_STANDARD_LIBRARIES = YES;
				CLANG_ENABLE_MODULES = YES;
				CLANG_ENABLE_OBJC_ARC = YES;
				CLANG_WARN_BLOCK_CAPTURE_AUTORELEASING = YES;
				CLANG_WARN_BOOL_CONVERSION = YES;
				CLANG_WARN_COMMA = YES;
				CLANG_WARN_CONSTANT_CONVERSION = YES;
				CLANG_WARN_EMPTY_BODY = YES;
				CLANG_WARN_ENUM_CONVERSION = YES;
				CLANG_WARN_INFINITE_RECURSION = YES;
				CLANG_WARN_INT_CONVERSION = YES;
				CLANG_WARN_NON_LITERAL_NULL_CONVERSION = YES;
				CLANG_WARN_OBJC_LITERAL_CONVERSION = YES;
				CLANG_WARN_RANGE_LOOP_ANALYSIS = YES;
				CLANG_WARN_STRICT_PROTOTYPES = YES;
				CLANG_WARN_SUSPICIOUS_MOVE = YES;
				CLANG_WARN_UNREACHABLE_CODE = YES;
				CLANG_WARN__DUPLICATE_METHOD_MATCH = YES;
				ENABLE_STRICT_OBJC_MSGSEND = YES;
				GCC_C_LANGUAGE_STANDARD = c99;
				GCC_NO_COMMON_BLOCKS = YES;
				GCC_THUMB_SUPPORT = NO;
				GCC_VERSION = "";
				GCC_WARN_64_TO_32_BIT_CONVERSION = YES;
				GCC_WARN_ABOUT_RETURN_TYPE = YES;
				GCC_WARN_UNDECLARED_SELECTOR = YES;
				GCC_WARN_UNINITIALIZED_AUTOS = YES;
				GCC_WARN_UNUSED_FUNCTION = YES;
				GCC_WARN_UNUSED_VARIABLE = YES;
				SDKROOT = iphoneos;
				SKIP_INSTALL = NO;
				SWIFT_OBJC_BRIDGING_HEADER = "$(PROJECT_DIR)/$(PROJECT_NAME)/Bridging-Header.h";
				SWIFT_VERSION = 3.0;
			};
			name = Release;
		};
/* End XCBuildConfiguration section */

/* Begin XCConfigurationList section */
		1D6058960D05DD3E006BFB54 /* Build configuration list for PBXNativeTarget "buy-material" */ = {
			isa = XCConfigurationList;
			buildConfigurations = (
				1D6058940D05DD3E006BFB54 /* Debug */,
				1D6058950D05DD3E006BFB54 /* Release */,
			);
			defaultConfigurationIsVisible = 0;
			defaultConfigurationName = Release;
		};
		C01FCF4E08A954540054247B /* Build configuration list for PBXProject "buy-material" */ = {
			isa = XCConfigurationList;
			buildConfigurations = (
				C01FCF4F08A954540054247B /* Debug */,
				C01FCF5008A954540054247B /* Release */,
			);
			defaultConfigurationIsVisible = 0;
			defaultConfigurationName = Release;
		};
/* End XCConfigurationList section */
	};
	rootObject = 29B97313FDCFA39411CA2CEA /* Project object */;
}
